<?xml version="1.0" encoding="UTF-8"?>
<Scheme
   LastUpgradeVersion = "1500"
   version = "1.7">
   <BuildAction
      parallelizeBuildables = "YES"
      buildImplicitDependencies = "YES">
      <BuildActionEntries>
         <BuildActionEntry
            buildForTesting = "YES"
            buildForRunning = "YES"
            buildForProfiling = "YES"
            buildForArchiving = "YES"
            buildForAnalyzing = "YES">
            <BuildableReference
               BuildableIdentifier = "primary"
               BlueprintIdentifier = "C77B8FFF2AF18E2E009CC655"
               BuildableName = "Pearcleaner.app"
               BlueprintName = "Pearcleaner"
               ReferencedContainer = "container:Pearcleaner.xcodeproj">
            </BuildableReference>
         </BuildActionEntry>
      </BuildActionEntries>
   </BuildAction>
   <TestAction
      buildConfiguration = "Release"
      selectedDebuggerIdentifier = "Xcode.DebuggerFoundation.Debugger.LLDB"
      selectedLauncherIdentifier = "Xcode.DebuggerFoundation.Launcher.LLDB"
      shouldUseLaunchSchemeArgsEnv = "YES"
      shouldAutocreateTestPlan = "YES">
   </TestAction>
   <LaunchAction
      buildConfiguration = "Release"
      selectedDebuggerIdentifier = "Xcode.DebuggerFoundation.Debugger.LLDB"
      selectedLauncherIdentifier = "Xcode.DebuggerFoundation.Launcher.LLDB"
      launchStyle = "0"
      useCustomWorkingDirectory = "NO"
      ignoresPersistentStateOnLaunch = "NO"
      debugDocumentVersioning = "YES"
      debugServiceExtension = "internal"
      allowLocationSimulation = "YES">
      <BuildableProductRunnable
         runnableDebuggingMode = "0">
         <BuildableReference
            BuildableIdentifier = "primary"
            BlueprintIdentifier = "C77B8FFF2AF18E2E009CC655"
            BuildableName = "Pearcleaner.app"
            BlueprintName = "Pearcleaner"
            ReferencedContainer = "container:Pearcleaner.xcodeproj">
         </BuildableReference>
      </BuildableProductRunnable>
      <EnvironmentVariables>
         <EnvironmentVariable
            key = "OS_ACTIVITY_MODE"
            value = "disable"
            isEnabled = "YES">
         </EnvironmentVariable>
      </EnvironmentVariables>
   </LaunchAction>
   <ProfileAction
      buildConfiguration = "Release"
      shouldUseLaunchSchemeArgsEnv = "YES"
      savedToolIdentifier = ""
      useCustomWorkingDirectory = "NO"
      debugDocumentVersioning = "YES">
      <BuildableProductRunnable
         runnableDebuggingMode = "0">
         <BuildableReference
            BuildableIdentifier = "primary"
            BlueprintIdentifier = "C77B8FFF2AF18E2E009CC655"
            BuildableName = "Pearcleaner.app"
            BlueprintName = "Pearcleaner"
            ReferencedContainer = "container:Pearcleaner.xcodeproj">
         </BuildableReference>
      </BuildableProductRunnable>
   </ProfileAction>
   <AnalyzeAction
      buildConfiguration = "Release">
   </AnalyzeAction>
   <ArchiveAction
      buildConfiguration = "Release"
      revealArchiveInOrganizer = "NO">
      <PostActions>
         <ExecutionAction
            ActionType = "Xcode.IDEStandardExecutionActionsCore.ExecutionActionType.ShellScriptAction">
            <ActionContent
               title = "Run Script"
               scriptText = "# For troubleshooting, enable to get log with errors&#10;# exec &gt; &quot;/Users/alin/GitHub/PeakPurge/Builds/Export/Xcode.log&quot; 2&gt;&amp;1&#10;&#10;# Variables&#10;MAIN_PROJECT_PATH=&quot;/Users/alin/GitHub/Pearcleaner&quot;&#10;EXPORT_PATH=&quot;/Users/alin/GitHub/Pearcleaner/Builds/Export&quot;&#10;while [[ -z $MARKETING_VERSION ]]; do&#10;    MARKETING_VERSION=$(xcodebuild -showBuildSettings 2&gt;/dev/null | awk -F&apos; = &apos; &apos;/MARKETING_VERSION/{print $2}&apos; | xargs)&#10;    sleep 1&#10;done&#10;&#10;# Export the app file&#10;xcodebuild -exportArchive -archivePath &quot;${ARCHIVE_PATH}&quot; -exportOptionsPlist &quot;${MAIN_PROJECT_PATH}&quot;/Builds/ExportOptions.plist -exportPath &quot;${EXPORT_PATH}&quot;&#10;&#10;# Zip up the app file&#10;cd &quot;${EXPORT_PATH}&quot;&#10;zip -r -X &quot;Pearcleaner.zip&quot; &quot;Pearcleaner.app&quot;&#10;&#10;# Push to GitHub&#10;/opt/homebrew/bin/gh release create &quot;${MARKETING_VERSION}&quot; PeakPurge.zip --latest -t &quot;v${MARKETING_VERSION}&quot; -F &quot;${MAIN_PROJECT_PATH}/Builds/changes.md&quot;&#10;&#10;# Clean out the archive and app file, zip, etc. in Export folder&#10;rm -rf &quot;${ARCHIVE_PATH}&quot;&#10;#rm -rf &quot;${EXPORT_PATH}&quot;/*.app&#10;rm -rf &quot;${EXPORT_PATH}&quot;/*&#10;&#10;# Open folder at Export location&#10;#open &quot;${EXPORT_PATH}&quot;&#10;"
               shellToInvoke = "/bin/bash">
               <EnvironmentBuildable>
                  <BuildableReference
                     BuildableIdentifier = "primary"
                     BlueprintIdentifier = "C77B8FFF2AF18E2E009CC655"
                     BuildableName = "Pearcleaner.app"
                     BlueprintName = "Pearcleaner"
                     ReferencedContainer = "container:Pearcleaner.xcodeproj">
                  </BuildableReference>
               </EnvironmentBuildable>
            </ActionContent>
         </ExecutionAction>
      </PostActions>
   </ArchiveAction>
</Scheme>
