{
  "originHash" : "6b7a080be101c2e1a03c61b468ad919b6e7166d1e9079b95c2a3ae14aad12541",
  "pins" : [
    {
      "identity" : "alinfoundation",
      "kind" : "remoteSourceControl",
      "location" : "https://github.com/alienator88/AlinFoundation",
      "state" : {
        "branch" : "main",
        "revision" : "b1b2a0d024d3126981ad73685ecbe015d2b6d12a"
      }
    },
    {
      "identity" : "swift-argument-parser",
      "kind" : "remoteSourceControl",
      "location" : "https://github.com/apple/swift-argument-parser.git",
      "state" : {
        "revision" : "309a47b2b1d9b5e991f36961c983ecec72275be3",
        "version" : "1.6.1"
      }
    }
  ],
  "version" : 3
}
