// !$*UTF8*$!
{
	archiveVersion = 1;
	classes = {
	};
	objectVersion = 73;
	objects = {

/* Begin PBXBuildFile section */
		C71449E52DA826610032B295 /* Lipo.swift in Sources */ = {isa = PBXBuildFile; fileRef = C7C90DD22DA81C590056769A /* Lipo.swift */; };
		C72893052AFD42E600C8C1CD /* DeepLink.swift in Sources */ = {isa = PBXBuildFile; fileRef = C72893042AFD42E600C8C1CD /* DeepLink.swift */; };
		C72893122AFD51EA00C8C1CD /* main.swift in Sources */ = {isa = PBXBuildFile; fileRef = C72893112AFD51EA00C8C1CD /* main.swift */; };
		C72FDCB92D6D089100DE7D56 /* UndoManager.swift in Sources */ = {isa = PBXBuildFile; fileRef = C72FDCB82D6D088A00DE7D56 /* UndoManager.swift */; };
		C73545EB2D8496E000A3DC0C /* HelperToolManager.swift in Sources */ = {isa = PBXBuildFile; fileRef = C73545EA2D8496DA00A3DC0C /* HelperToolManager.swift */; };
		C73545F92D849B5700A3DC0C /* PearcleanerHelper in CopyFiles */ = {isa = PBXBuildFile; fileRef = C73545F02D849A1B00A3DC0C /* PearcleanerHelper */; settings = {ATTRIBUTES = (CodeSignOnCopy, ); }; };
		C73545FD2D84E5DD00A3DC0C /* com.alienator88.PearcleanerSentinel.plist in CopyFiles */ = {isa = PBXBuildFile; fileRef = C7B3AB072D83900B00D829C5 /* com.alienator88.PearcleanerSentinel.plist */; settings = {ATTRIBUTES = (CodeSignOnCopy, ); }; };
		C74422412E4936750002D277 /* DaemonView.swift in Sources */ = {isa = PBXBuildFile; fileRef = C74422402E4936700002D277 /* DaemonView.swift */; };
		C74422432E494D830002D277 /* PackageView.swift in Sources */ = {isa = PBXBuildFile; fileRef = C74422422E494D7E0002D277 /* PackageView.swift */; };
		C74E55512D0773190007EC2C /* IfritStatic in Frameworks */ = {isa = PBXBuildFile; productRef = C74E55502D0773190007EC2C /* IfritStatic */; };
		C74FDC632BCD833D00B8960F /* Conditions.swift in Sources */ = {isa = PBXBuildFile; fileRef = C74FDC622BCD833D00B8960F /* Conditions.swift */; };
		C7575D392B0182DE006A600A /* PearcleanerSentinel in CopyFiles */ = {isa = PBXBuildFile; fileRef = C728930F2AFD51EA00C8C1CD /* PearcleanerSentinel */; settings = {ATTRIBUTES = (CodeSignOnCopy, ); }; };
		C76EDCD62C45DC82000CF29D /* AlinFoundation in Frameworks */ = {isa = PBXBuildFile; productRef = C76EDCD52C45DC82000CF29D /* AlinFoundation */; };
		C770D7DB2CE7C9AD00B3492A /* DevelopmentView.swift in Sources */ = {isa = PBXBuildFile; fileRef = C770D7DA2CE7C9A100B3492A /* DevelopmentView.swift */; };
		C7736E4F2C49A44200917293 /* AlinFoundation in Frameworks */ = {isa = PBXBuildFile; productRef = C7736E4E2C49A44200917293 /* AlinFoundation */; };
		C77B90042AF18E2E009CC655 /* PearcleanerApp.swift in Sources */ = {isa = PBXBuildFile; fileRef = C77B90032AF18E2E009CC655 /* PearcleanerApp.swift */; };
		C77B90082AF18E2F009CC655 /* Assets.xcassets in Resources */ = {isa = PBXBuildFile; fileRef = C77B90072AF18E2F009CC655 /* Assets.xcassets */; };
		C77B90162AF19377009CC655 /* AppState.swift in Sources */ = {isa = PBXBuildFile; fileRef = C77B90152AF19377009CC655 /* AppState.swift */; };
		C77B90182AF19382009CC655 /* AppCommands.swift in Sources */ = {isa = PBXBuildFile; fileRef = C77B90172AF19382009CC655 /* AppCommands.swift */; };
		C77B901A2AF1938F009CC655 /* Logic.swift in Sources */ = {isa = PBXBuildFile; fileRef = C77B90192AF1938F009CC655 /* Logic.swift */; };
		C78121662BC892A000BE06BD /* FinderOpen.swift in Sources */ = {isa = PBXBuildFile; fileRef = C78121652BC892A000BE06BD /* FinderOpen.swift */; };
		C78D7B212D556F1A003DD49F /* AppPathsFetch.swift in Sources */ = {isa = PBXBuildFile; fileRef = C78D7B202D556F16003DD49F /* AppPathsFetch.swift */; };
		C7A269272D5D138500FA96EC /* SwiftTerm in Frameworks */ = {isa = PBXBuildFile; productRef = C7A269262D5D138500FA96EC /* SwiftTerm */; };
		C7A269292D5D139600FA96EC /* TerminalView.swift in Sources */ = {isa = PBXBuildFile; fileRef = C7A269282D5D139200FA96EC /* TerminalView.swift */; };
		C7A2A4D62DDB957D006E05E4 /* CLI.swift in Sources */ = {isa = PBXBuildFile; fileRef = C7A2A4D52DDB957D006E05E4 /* CLI.swift */; };
		C7A2A4D92DDB95C4006E05E4 /* ArgumentParser in Frameworks */ = {isa = PBXBuildFile; productRef = C7A2A4D82DDB95C4006E05E4 /* ArgumentParser */; };
		C7A2AE5D2B9644F300161540 /* FileWatcher in Frameworks */ = {isa = PBXBuildFile; productRef = C7A2AE5C2B9644F300161540 /* FileWatcher */; };
		C7A6C8E72E3D5F610072858F /* LeftNavigation.swift in Sources */ = {isa = PBXBuildFile; fileRef = C7A6C8E62E3D5F5C0072858F /* LeftNavigation.swift */; };
		C7A6DBF12C9DD27200CFA042 /* Assets.xcassets in Resources */ = {isa = PBXBuildFile; fileRef = C7A6DBF02C9DD27200CFA042 /* Assets.xcassets */; };
		C7BE91A82C9E37AB009FA129 /* FinderOpen.appex in Embed Foundation Extensions */ = {isa = PBXBuildFile; fileRef = C78121632BC892A000BE06BD /* FinderOpen.appex */; settings = {ATTRIBUTES = (RemoveHeadersOnCopy, ); }; };
		C7C90DD32DA81C5D0056769A /* Lipo.swift in Sources */ = {isa = PBXBuildFile; fileRef = C7C90DD22DA81C590056769A /* Lipo.swift */; };
		C7D31D512AFF00F300C7ED9E /* Locations.swift in Sources */ = {isa = PBXBuildFile; fileRef = C7D31D502AFF00F300C7ED9E /* Locations.swift */; };
		C7DD49EA2BAB4D8100CCBA16 /* AppInfoFetch.swift in Sources */ = {isa = PBXBuildFile; fileRef = C7DD49E92BAB4D8100CCBA16 /* AppInfoFetch.swift */; };
		C7DD49EE2BAB7F6000CCBA16 /* ReversePathsFetch.swift in Sources */ = {isa = PBXBuildFile; fileRef = C7DD49ED2BAB7F6000CCBA16 /* ReversePathsFetch.swift */; };
		C7F539382AF60865007DF1B2 /* Utilities.swift in Sources */ = {isa = PBXBuildFile; fileRef = C7F539372AF60865007DF1B2 /* Utilities.swift */; };
		C7F8436B2CBF066F00E3E30A /* Localizable.xcstrings in Resources */ = {isa = PBXBuildFile; fileRef = C7F8436A2CBF066F00E3E30A /* Localizable.xcstrings */; };
		C7F8436C2CBF066F00E3E30A /* Localizable.xcstrings in Resources */ = {isa = PBXBuildFile; fileRef = C7F8436A2CBF066F00E3E30A /* Localizable.xcstrings */; };
		C7FBD9DF2DAD66D500151934 /* AlinFoundation in Frameworks */ = {isa = PBXBuildFile; productRef = C7C90DDD2DA8221B0056769A /* AlinFoundation */; };
/* End PBXBuildFile section */

/* Begin PBXContainerItemProxy section */
		C78121692BC892A000BE06BD /* PBXContainerItemProxy */ = {
			isa = PBXContainerItemProxy;
			containerPortal = C77B8FF82AF18E2E009CC655 /* Project object */;
			proxyType = 1;
			remoteGlobalIDString = C78121622BC892A000BE06BD;
			remoteInfo = FinderOpen;
		};
/* End PBXContainerItemProxy section */

/* Begin PBXCopyFilesBuildPhase section */
		C728930D2AFD51EA00C8C1CD /* CopyFiles */ = {
			isa = PBXCopyFilesBuildPhase;
			buildActionMask = 2147483647;
			dstPath = /usr/share/man/man1/;
			dstSubfolderSpec = 0;
			files = (
			);
			runOnlyForDeploymentPostprocessing = 1;
		};
		C73545EE2D849A1B00A3DC0C /* CopyFiles */ = {
			isa = PBXCopyFilesBuildPhase;
			buildActionMask = 2147483647;
			dstPath = /usr/share/man/man1/;
			dstSubfolderSpec = 0;
			files = (
			);
			runOnlyForDeploymentPostprocessing = 1;
		};
		C73545FA2D849B6900A3DC0C /* CopyFiles */ = {
			isa = PBXCopyFilesBuildPhase;
			buildActionMask = 2147483647;
			dstPath = Contents/Library/LaunchDaemons;
			dstSubfolderSpec = 1;
			files = (
			);
			runOnlyForDeploymentPostprocessing = 0;
		};
		C781216C2BC892A000BE06BD /* Embed Foundation Extensions */ = {
			isa = PBXCopyFilesBuildPhase;
			buildActionMask = 2147483647;
			dstPath = "";
			dstSubfolderSpec = 13;
			files = (
				C7BE91A82C9E37AB009FA129 /* FinderOpen.appex in Embed Foundation Extensions */,
			);
			name = "Embed Foundation Extensions";
			runOnlyForDeploymentPostprocessing = 0;
		};
		C7A27E7D2AFD65C400166168 /* CopyFiles */ = {
			isa = PBXCopyFilesBuildPhase;
			buildActionMask = 2147483647;
			dstPath = "";
			dstSubfolderSpec = 6;
			files = (
				C73545F92D849B5700A3DC0C /* PearcleanerHelper in CopyFiles */,
				C7575D392B0182DE006A600A /* PearcleanerSentinel in CopyFiles */,
			);
			runOnlyForDeploymentPostprocessing = 0;
		};
		C7B3AB0B2D83910400D829C5 /* CopyFiles */ = {
			isa = PBXCopyFilesBuildPhase;
			buildActionMask = 2147483647;
			dstPath = Contents/Library/LaunchAgents;
			dstSubfolderSpec = 1;
			files = (
				C73545FD2D84E5DD00A3DC0C /* com.alienator88.PearcleanerSentinel.plist in CopyFiles */,
			);
			runOnlyForDeploymentPostprocessing = 0;
		};
/* End PBXCopyFilesBuildPhase section */

/* Begin PBXFileReference section */
		C72893042AFD42E600C8C1CD /* DeepLink.swift */ = {isa = PBXFileReference; lastKnownFileType = sourcecode.swift; path = DeepLink.swift; sourceTree = "<group>"; };
		C728930F2AFD51EA00C8C1CD /* PearcleanerSentinel */ = {isa = PBXFileReference; explicitFileType = "compiled.mach-o.executable"; includeInIndex = 0; path = PearcleanerSentinel; sourceTree = BUILT_PRODUCTS_DIR; };
		C72893112AFD51EA00C8C1CD /* main.swift */ = {isa = PBXFileReference; lastKnownFileType = sourcecode.swift; path = main.swift; sourceTree = "<group>"; };
		C72FDCB82D6D088A00DE7D56 /* UndoManager.swift */ = {isa = PBXFileReference; lastKnownFileType = sourcecode.swift; path = UndoManager.swift; sourceTree = "<group>"; };
		C73545EA2D8496DA00A3DC0C /* HelperToolManager.swift */ = {isa = PBXFileReference; lastKnownFileType = sourcecode.swift; path = HelperToolManager.swift; sourceTree = "<group>"; };
		C73545F02D849A1B00A3DC0C /* PearcleanerHelper */ = {isa = PBXFileReference; explicitFileType = "compiled.mach-o.executable"; includeInIndex = 0; path = PearcleanerHelper; sourceTree = BUILT_PRODUCTS_DIR; };
		C74422402E4936700002D277 /* DaemonView.swift */ = {isa = PBXFileReference; lastKnownFileType = sourcecode.swift; path = DaemonView.swift; sourceTree = "<group>"; };
		C74422422E494D7E0002D277 /* PackageView.swift */ = {isa = PBXFileReference; lastKnownFileType = sourcecode.swift; path = PackageView.swift; sourceTree = "<group>"; };
		C74451F62D93774700146AF8 /* announcements.json */ = {isa = PBXFileReference; lastKnownFileType = text.json; path = announcements.json; sourceTree = "<group>"; };
		C74FDC622BCD833D00B8960F /* Conditions.swift */ = {isa = PBXFileReference; lastKnownFileType = sourcecode.swift; path = Conditions.swift; sourceTree = "<group>"; };
		C770D7DA2CE7C9A100B3492A /* DevelopmentView.swift */ = {isa = PBXFileReference; lastKnownFileType = sourcecode.swift; path = DevelopmentView.swift; sourceTree = "<group>"; };
		C77B90002AF18E2E009CC655 /* Pearcleaner.app */ = {isa = PBXFileReference; explicitFileType = wrapper.application; includeInIndex = 0; path = Pearcleaner.app; sourceTree = BUILT_PRODUCTS_DIR; };
		C77B90032AF18E2E009CC655 /* PearcleanerApp.swift */ = {isa = PBXFileReference; lastKnownFileType = sourcecode.swift; path = PearcleanerApp.swift; sourceTree = "<group>"; };
		C77B90072AF18E2F009CC655 /* Assets.xcassets */ = {isa = PBXFileReference; lastKnownFileType = folder.assetcatalog; path = Assets.xcassets; sourceTree = "<group>"; };
		C77B90142AF18E7C009CC655 /* Info.plist */ = {isa = PBXFileReference; lastKnownFileType = text.plist.xml; path = Info.plist; sourceTree = "<group>"; };
		C77B90152AF19377009CC655 /* AppState.swift */ = {isa = PBXFileReference; lastKnownFileType = sourcecode.swift; path = AppState.swift; sourceTree = "<group>"; };
		C77B90172AF19382009CC655 /* AppCommands.swift */ = {isa = PBXFileReference; lastKnownFileType = sourcecode.swift; path = AppCommands.swift; sourceTree = "<group>"; };
		C77B90192AF1938F009CC655 /* Logic.swift */ = {isa = PBXFileReference; lastKnownFileType = sourcecode.swift; path = Logic.swift; sourceTree = "<group>"; };
		C77B90242AF2D796009CC655 /* Pearcleaner.entitlements */ = {isa = PBXFileReference; fileEncoding = 4; lastKnownFileType = text.plist.entitlements; path = Pearcleaner.entitlements; sourceTree = "<group>"; };
		C78121632BC892A000BE06BD /* FinderOpen.appex */ = {isa = PBXFileReference; explicitFileType = "wrapper.app-extension"; includeInIndex = 0; path = FinderOpen.appex; sourceTree = BUILT_PRODUCTS_DIR; };
		C78121652BC892A000BE06BD /* FinderOpen.swift */ = {isa = PBXFileReference; lastKnownFileType = sourcecode.swift; path = FinderOpen.swift; sourceTree = "<group>"; };
		C78121672BC892A000BE06BD /* Info.plist */ = {isa = PBXFileReference; lastKnownFileType = text.plist.xml; path = Info.plist; sourceTree = "<group>"; };
		C78121682BC892A000BE06BD /* FinderOpen.entitlements */ = {isa = PBXFileReference; lastKnownFileType = text.plist.entitlements; path = FinderOpen.entitlements; sourceTree = "<group>"; };
		C786F1A72C29E599001B3800 /* Builds */ = {isa = PBXFileReference; lastKnownFileType = folder; path = Builds; sourceTree = SOURCE_ROOT; };
		C78D7B202D556F16003DD49F /* AppPathsFetch.swift */ = {isa = PBXFileReference; lastKnownFileType = sourcecode.swift; path = AppPathsFetch.swift; sourceTree = "<group>"; };
		C7A269282D5D139200FA96EC /* TerminalView.swift */ = {isa = PBXFileReference; lastKnownFileType = sourcecode.swift; path = TerminalView.swift; sourceTree = "<group>"; };
		C7A2A4D52DDB957D006E05E4 /* CLI.swift */ = {isa = PBXFileReference; lastKnownFileType = sourcecode.swift; path = CLI.swift; sourceTree = "<group>"; };
		C7A6C8E62E3D5F5C0072858F /* LeftNavigation.swift */ = {isa = PBXFileReference; lastKnownFileType = sourcecode.swift; path = LeftNavigation.swift; sourceTree = "<group>"; };
		C7A6DBF02C9DD27200CFA042 /* Assets.xcassets */ = {isa = PBXFileReference; lastKnownFileType = folder.assetcatalog; path = Assets.xcassets; sourceTree = "<group>"; };
		C7B3AB072D83900B00D829C5 /* com.alienator88.PearcleanerSentinel.plist */ = {isa = PBXFileReference; lastKnownFileType = text.plist.xml; path = com.alienator88.PearcleanerSentinel.plist; sourceTree = "<group>"; };
		C7C90DD22DA81C590056769A /* Lipo.swift */ = {isa = PBXFileReference; lastKnownFileType = sourcecode.swift; path = Lipo.swift; sourceTree = "<group>"; };
		C7D31D502AFF00F300C7ED9E /* Locations.swift */ = {isa = PBXFileReference; lastKnownFileType = sourcecode.swift; path = Locations.swift; sourceTree = "<group>"; };
		C7DD49E92BAB4D8100CCBA16 /* AppInfoFetch.swift */ = {isa = PBXFileReference; lastKnownFileType = sourcecode.swift; path = AppInfoFetch.swift; sourceTree = "<group>"; };
		C7DD49ED2BAB7F6000CCBA16 /* ReversePathsFetch.swift */ = {isa = PBXFileReference; lastKnownFileType = sourcecode.swift; path = ReversePathsFetch.swift; sourceTree = "<group>"; };
		C7F539372AF60865007DF1B2 /* Utilities.swift */ = {isa = PBXFileReference; lastKnownFileType = sourcecode.swift; path = Utilities.swift; sourceTree = "<group>"; };
		C7F8436A2CBF066F00E3E30A /* Localizable.xcstrings */ = {isa = PBXFileReference; lastKnownFileType = text.json.xcstrings; path = Localizable.xcstrings; sourceTree = "<group>"; };
/* End PBXFileReference section */

/* Begin PBXFileSystemSynchronizedBuildFileExceptionSet section */
		C74649F02E480128002D1C63 /* PBXFileSystemSynchronizedBuildFileExceptionSet */ = {
			isa = PBXFileSystemSynchronizedBuildFileExceptionSet;
			membershipExceptions = (
				ChromeBorder.swift,
				ControlGroupChrome.swift,
				PearGroupBox.swift,
				Styles.swift,
				Theme.swift,
			);
			target = C77B8FFF2AF18E2E009CC655 /* Pearcleaner */;
		};
/* End PBXFileSystemSynchronizedBuildFileExceptionSet section */

/* Begin PBXFileSystemSynchronizedGroupBuildPhaseMembershipExceptionSet section */
		C73545FC2D849B7E00A3DC0C /* PBXFileSystemSynchronizedGroupBuildPhaseMembershipExceptionSet */ = {
			isa = PBXFileSystemSynchronizedGroupBuildPhaseMembershipExceptionSet;
			attributesByRelativePath = {
				com.alienator88.Pearcleaner.PearcleanerHelper.plist = (
					CodeSignOnCopy,
				);
			};
			buildPhase = C73545FA2D849B6900A3DC0C /* CopyFiles */;
			membershipExceptions = (
				com.alienator88.Pearcleaner.PearcleanerHelper.plist,
			);
		};
/* End PBXFileSystemSynchronizedGroupBuildPhaseMembershipExceptionSet section */

/* Begin PBXFileSystemSynchronizedRootGroup section */
		C73545F12D849A1B00A3DC0C /* PearcleanerHelper */ = {isa = PBXFileSystemSynchronizedRootGroup; exceptions = (C73545FC2D849B7E00A3DC0C /* PBXFileSystemSynchronizedGroupBuildPhaseMembershipExceptionSet */, ); explicitFileTypes = {}; explicitFolders = (); path = PearcleanerHelper; sourceTree = "<group>"; };
		C74649E62E48000C002D1C63 /* LipoView */ = {isa = PBXFileSystemSynchronizedRootGroup; explicitFileTypes = {}; explicitFolders = (); path = LipoView; sourceTree = "<group>"; };
		C74649EA2E48008A002D1C63 /* ZombieView */ = {isa = PBXFileSystemSynchronizedRootGroup; explicitFileTypes = {}; explicitFolders = (); path = ZombieView; sourceTree = "<group>"; };
		C74649EE2E4800BB002D1C63 /* AppsView */ = {isa = PBXFileSystemSynchronizedRootGroup; explicitFileTypes = {}; explicitFolders = (); path = AppsView; sourceTree = "<group>"; };
		C74649EF2E480111002D1C63 /* Style */ = {isa = PBXFileSystemSynchronizedRootGroup; exceptions = (C74649F02E480128002D1C63 /* PBXFileSystemSynchronizedBuildFileExceptionSet */, ); explicitFileTypes = {}; explicitFolders = (); path = Style; sourceTree = "<group>"; };
		C74649FA2E48076B002D1C63 /* Settings */ = {isa = PBXFileSystemSynchronizedRootGroup; explicitFileTypes = {}; explicitFolders = (); path = Settings; sourceTree = "<group>"; };
		C76073F32E3C1C2C003957A7 /* FilesView */ = {isa = PBXFileSystemSynchronizedRootGroup; explicitFileTypes = {}; explicitFolders = (); path = FilesView; sourceTree = "<group>"; };
/* End PBXFileSystemSynchronizedRootGroup section */

/* Begin PBXFrameworksBuildPhase section */
		C728930C2AFD51EA00C8C1CD /* Frameworks */ = {
			isa = PBXFrameworksBuildPhase;
			buildActionMask = 2147483647;
			files = (
				C7A2AE5D2B9644F300161540 /* FileWatcher in Frameworks */,
			);
			runOnlyForDeploymentPostprocessing = 0;
		};
		C73545ED2D849A1B00A3DC0C /* Frameworks */ = {
			isa = PBXFrameworksBuildPhase;
			buildActionMask = 2147483647;
			files = (
				C7FBD9DF2DAD66D500151934 /* AlinFoundation in Frameworks */,
			);
			runOnlyForDeploymentPostprocessing = 0;
		};
		C77B8FFD2AF18E2E009CC655 /* Frameworks */ = {
			isa = PBXFrameworksBuildPhase;
			buildActionMask = 2147483647;
			files = (
				C74E55512D0773190007EC2C /* IfritStatic in Frameworks */,
				C76EDCD62C45DC82000CF29D /* AlinFoundation in Frameworks */,
				C7A269272D5D138500FA96EC /* SwiftTerm in Frameworks */,
				C7A2A4D92DDB95C4006E05E4 /* ArgumentParser in Frameworks */,
				C7736E4F2C49A44200917293 /* AlinFoundation in Frameworks */,
			);
			runOnlyForDeploymentPostprocessing = 0;
		};
		C78121602BC892A000BE06BD /* Frameworks */ = {
			isa = PBXFrameworksBuildPhase;
			buildActionMask = 2147483647;
			files = (
			);
			runOnlyForDeploymentPostprocessing = 0;
		};
/* End PBXFrameworksBuildPhase section */

/* Begin PBXGroup section */
		C72893072AFD442600C8C1CD /* Logic */ = {
			isa = PBXGroup;
			children = (
				C7C90DD22DA81C590056769A /* Lipo.swift */,
				C73545EA2D8496DA00A3DC0C /* HelperToolManager.swift */,
				C72FDCB82D6D088A00DE7D56 /* UndoManager.swift */,
				C7A2A4D52DDB957D006E05E4 /* CLI.swift */,
				C77B90192AF1938F009CC655 /* Logic.swift */,
				C7DD49E92BAB4D8100CCBA16 /* AppInfoFetch.swift */,
				C78D7B202D556F16003DD49F /* AppPathsFetch.swift */,
				C7DD49ED2BAB7F6000CCBA16 /* ReversePathsFetch.swift */,
				C77B90172AF19382009CC655 /* AppCommands.swift */,
				C77B90152AF19377009CC655 /* AppState.swift */,
				C7F539372AF60865007DF1B2 /* Utilities.swift */,
				C72893042AFD42E600C8C1CD /* DeepLink.swift */,
				C7D31D502AFF00F300C7ED9E /* Locations.swift */,
				C74FDC622BCD833D00B8960F /* Conditions.swift */,
			);
			path = Logic;
			sourceTree = "<group>";
		};
		C72893102AFD51EA00C8C1CD /* PearcleanerSentinel */ = {
			isa = PBXGroup;
			children = (
				C7B3AB072D83900B00D829C5 /* com.alienator88.PearcleanerSentinel.plist */,
				C72893112AFD51EA00C8C1CD /* main.swift */,
			);
			path = PearcleanerSentinel;
			sourceTree = "<group>";
		};
		C72893162AFD531500C8C1CD /* Frameworks */ = {
			isa = PBXGroup;
			children = (
			);
			name = Frameworks;
			sourceTree = "<group>";
		};
		C76D084F2AF84E0100D07867 /* Resources */ = {
			isa = PBXGroup;
			children = (
				C77B90142AF18E7C009CC655 /* Info.plist */,
				C77B90242AF2D796009CC655 /* Pearcleaner.entitlements */,
				C77B90072AF18E2F009CC655 /* Assets.xcassets */,
				C7F8436A2CBF066F00E3E30A /* Localizable.xcstrings */,
			);
			path = Resources;
			sourceTree = "<group>";
		};
		C77B8FF72AF18E2E009CC655 = {
			isa = PBXGroup;
			children = (
				C77B90022AF18E2E009CC655 /* Pearcleaner */,
				C72893102AFD51EA00C8C1CD /* PearcleanerSentinel */,
				C78121642BC892A000BE06BD /* FinderOpen */,
				C73545F12D849A1B00A3DC0C /* PearcleanerHelper */,
				C77B90012AF18E2E009CC655 /* Products */,
				C72893162AFD531500C8C1CD /* Frameworks */,
			);
			sourceTree = "<group>";
		};
		C77B90012AF18E2E009CC655 /* Products */ = {
			isa = PBXGroup;
			children = (
				C77B90002AF18E2E009CC655 /* Pearcleaner.app */,
				C728930F2AFD51EA00C8C1CD /* PearcleanerSentinel */,
				C78121632BC892A000BE06BD /* FinderOpen.appex */,
				C73545F02D849A1B00A3DC0C /* PearcleanerHelper */,
			);
			name = Products;
			sourceTree = "<group>";
		};
		C77B90022AF18E2E009CC655 /* Pearcleaner */ = {
			isa = PBXGroup;
			children = (
				C77B90032AF18E2E009CC655 /* PearcleanerApp.swift */,
				C74451F62D93774700146AF8 /* announcements.json */,
				C786F1A72C29E599001B3800 /* Builds */,
				C76D084F2AF84E0100D07867 /* Resources */,
				C77B901F2AF1B390009CC655 /* Views */,
				C74649EF2E480111002D1C63 /* Style */,
				C72893072AFD442600C8C1CD /* Logic */,
			);
			path = Pearcleaner;
			sourceTree = "<group>";
		};
		C77B901F2AF1B390009CC655 /* Views */ = {
			isa = PBXGroup;
			children = (
				C7A6C8E62E3D5F5C0072858F /* LeftNavigation.swift */,
				C74649FA2E48076B002D1C63 /* Settings */,
				C74649EE2E4800BB002D1C63 /* AppsView */,
				C74649EA2E48008A002D1C63 /* ZombieView */,
				C74649E62E48000C002D1C63 /* LipoView */,
				C76073F32E3C1C2C003957A7 /* FilesView */,
				C7A269282D5D139200FA96EC /* TerminalView.swift */,
				C74422402E4936700002D277 /* DaemonView.swift */,
				C770D7DA2CE7C9A100B3492A /* DevelopmentView.swift */,
				C74422422E494D7E0002D277 /* PackageView.swift */,
			);
			path = Views;
			sourceTree = "<group>";
		};
		C78121642BC892A000BE06BD /* FinderOpen */ = {
			isa = PBXGroup;
			children = (
				C78121652BC892A000BE06BD /* FinderOpen.swift */,
				C78121672BC892A000BE06BD /* Info.plist */,
				C78121682BC892A000BE06BD /* FinderOpen.entitlements */,
				C7A6DBF02C9DD27200CFA042 /* Assets.xcassets */,
			);
			path = FinderOpen;
			sourceTree = "<group>";
		};
/* End PBXGroup section */

/* Begin PBXNativeTarget section */
		C728930E2AFD51EA00C8C1CD /* PearcleanerSentinel */ = {
			isa = PBXNativeTarget;
			buildConfigurationList = C72893132AFD51EA00C8C1CD /* Build configuration list for PBXNativeTarget "PearcleanerSentinel" */;
			buildPhases = (
				C728930B2AFD51EA00C8C1CD /* Sources */,
				C728930C2AFD51EA00C8C1CD /* Frameworks */,
				C728930D2AFD51EA00C8C1CD /* CopyFiles */,
			);
			buildRules = (
			);
			dependencies = (
			);
			name = PearcleanerSentinel;
			packageProductDependencies = (
				C7A2AE5C2B9644F300161540 /* FileWatcher */,
			);
			productName = PeakPurgeMonitor;
			productReference = C728930F2AFD51EA00C8C1CD /* PearcleanerSentinel */;
			productType = "com.apple.product-type.tool";
		};
		C73545EF2D849A1B00A3DC0C /* PearcleanerHelper */ = {
			isa = PBXNativeTarget;
			buildConfigurationList = C73545F42D849A1B00A3DC0C /* Build configuration list for PBXNativeTarget "PearcleanerHelper" */;
			buildPhases = (
				C73545EC2D849A1B00A3DC0C /* Sources */,
				C73545ED2D849A1B00A3DC0C /* Frameworks */,
				C73545EE2D849A1B00A3DC0C /* CopyFiles */,
			);
			buildRules = (
			);
			dependencies = (
			);
			fileSystemSynchronizedGroups = (
				C73545F12D849A1B00A3DC0C /* PearcleanerHelper */,
			);
			name = PearcleanerHelper;
			packageProductDependencies = (
				C7C90DDD2DA8221B0056769A /* AlinFoundation */,
			);
			productName = PearcleanerHelper;
			productReference = C73545F02D849A1B00A3DC0C /* PearcleanerHelper */;
			productType = "com.apple.product-type.tool";
		};
		C77B8FFF2AF18E2E009CC655 /* Pearcleaner */ = {
			isa = PBXNativeTarget;
			buildConfigurationList = C77B900F2AF18E2F009CC655 /* Build configuration list for PBXNativeTarget "Pearcleaner" */;
			buildPhases = (
				C77B8FFC2AF18E2E009CC655 /* Sources */,
				C77B8FFD2AF18E2E009CC655 /* Frameworks */,
				C77B8FFE2AF18E2E009CC655 /* Resources */,
				C7A27E7D2AFD65C400166168 /* CopyFiles */,
				C781216C2BC892A000BE06BD /* Embed Foundation Extensions */,
				C7B3AB0B2D83910400D829C5 /* CopyFiles */,
				C73545FA2D849B6900A3DC0C /* CopyFiles */,
			);
			buildRules = (
			);
			dependencies = (
				C781216A2BC892A000BE06BD /* PBXTargetDependency */,
			);
			fileSystemSynchronizedGroups = (
				C74649E62E48000C002D1C63 /* LipoView */,
				C74649EA2E48008A002D1C63 /* ZombieView */,
				C74649EE2E4800BB002D1C63 /* AppsView */,
				C74649FA2E48076B002D1C63 /* Settings */,
				C76073F32E3C1C2C003957A7 /* FilesView */,
			);
			name = Pearcleaner;
			packageProductDependencies = (
				C76EDCD52C45DC82000CF29D /* AlinFoundation */,
				C7736E4E2C49A44200917293 /* AlinFoundation */,
				C74E55502D0773190007EC2C /* IfritStatic */,
				C7A269262D5D138500FA96EC /* SwiftTerm */,
				C7A2A4D82DDB95C4006E05E4 /* ArgumentParser */,
			);
			productName = PeakPurge;
			productReference = C77B90002AF18E2E009CC655 /* Pearcleaner.app */;
			productType = "com.apple.product-type.application";
		};
		C78121622BC892A000BE06BD /* FinderOpen */ = {
			isa = PBXNativeTarget;
			buildConfigurationList = C781216F2BC892A000BE06BD /* Build configuration list for PBXNativeTarget "FinderOpen" */;
			buildPhases = (
				C781215F2BC892A000BE06BD /* Sources */,
				C78121602BC892A000BE06BD /* Frameworks */,
				C78121612BC892A000BE06BD /* Resources */,
			);
			buildRules = (
			);
			dependencies = (
			);
			name = FinderOpen;
			productName = FinderOpen;
			productReference = C78121632BC892A000BE06BD /* FinderOpen.appex */;
			productType = "com.apple.product-type.app-extension";
		};
/* End PBXNativeTarget section */

/* Begin PBXProject section */
		C77B8FF82AF18E2E009CC655 /* Project object */ = {
			isa = PBXProject;
			attributes = {
				BuildIndependentTargetsInParallel = 1;
				LastSwiftUpdateCheck = 1620;
				LastUpgradeCheck = 1630;
				TargetAttributes = {
					C728930E2AFD51EA00C8C1CD = {
						CreatedOnToolsVersion = 15.0.1;
					};
					C73545EF2D849A1B00A3DC0C = {
						CreatedOnToolsVersion = 16.2;
						LastSwiftMigration = 1640;
					};
					C77B8FFF2AF18E2E009CC655 = {
						CreatedOnToolsVersion = 15.0.1;
					};
					C78121622BC892A000BE06BD = {
						CreatedOnToolsVersion = 15.3;
					};
				};
			};
			buildConfigurationList = C77B8FFB2AF18E2E009CC655 /* Build configuration list for PBXProject "Pearcleaner" */;
			developmentRegion = en;
			hasScannedForEncodings = 0;
			knownRegions = (
				en,
				sk,
				"zh-HK",
				Base,
				"zh-Hant",
				ru,
				de,
				fr,
				"zh-Hans",
				ja,
				tr,
				es,
				uk,
				vi,
				"pt-BR",
			);
			mainGroup = C77B8FF72AF18E2E009CC655;
			packageReferences = (
				C7A2AE5B2B9644DA00161540 /* XCRemoteSwiftPackageReference "FileWatcher" */,
				C7736E4D2C49A44200917293 /* XCRemoteSwiftPackageReference "AlinFoundation" */,
				C74E554D2D0773190007EC2C /* XCRemoteSwiftPackageReference "Ifrit" */,
				C7A269252D5D138500FA96EC /* XCRemoteSwiftPackageReference "SwiftTerm" */,
				C7A2A4D72DDB95C4006E05E4 /* XCRemoteSwiftPackageReference "swift-argument-parser" */,
			);
			preferredProjectObjectVersion = 56;
			productRefGroup = C77B90012AF18E2E009CC655 /* Products */;
			projectDirPath = "";
			projectRoot = "";
			targets = (
				C77B8FFF2AF18E2E009CC655 /* Pearcleaner */,
				C728930E2AFD51EA00C8C1CD /* PearcleanerSentinel */,
				C78121622BC892A000BE06BD /* FinderOpen */,
				C73545EF2D849A1B00A3DC0C /* PearcleanerHelper */,
			);
		};
/* End PBXProject section */

/* Begin PBXResourcesBuildPhase section */
		C77B8FFE2AF18E2E009CC655 /* Resources */ = {
			isa = PBXResourcesBuildPhase;
			buildActionMask = 2147483647;
			files = (
				C77B90082AF18E2F009CC655 /* Assets.xcassets in Resources */,
				C7F8436B2CBF066F00E3E30A /* Localizable.xcstrings in Resources */,
			);
			runOnlyForDeploymentPostprocessing = 0;
		};
		C78121612BC892A000BE06BD /* Resources */ = {
			isa = PBXResourcesBuildPhase;
			buildActionMask = 2147483647;
			files = (
				C7F8436C2CBF066F00E3E30A /* Localizable.xcstrings in Resources */,
				C7A6DBF12C9DD27200CFA042 /* Assets.xcassets in Resources */,
			);
			runOnlyForDeploymentPostprocessing = 0;
		};
/* End PBXResourcesBuildPhase section */

/* Begin PBXSourcesBuildPhase section */
		C728930B2AFD51EA00C8C1CD /* Sources */ = {
			isa = PBXSourcesBuildPhase;
			buildActionMask = 2147483647;
			files = (
				C72893122AFD51EA00C8C1CD /* main.swift in Sources */,
			);
			runOnlyForDeploymentPostprocessing = 0;
		};
		C73545EC2D849A1B00A3DC0C /* Sources */ = {
			isa = PBXSourcesBuildPhase;
			buildActionMask = 2147483647;
			files = (
				C71449E52DA826610032B295 /* Lipo.swift in Sources */,
			);
			runOnlyForDeploymentPostprocessing = 0;
		};
		C77B8FFC2AF18E2E009CC655 /* Sources */ = {
			isa = PBXSourcesBuildPhase;
			buildActionMask = 2147483647;
			files = (
				C7DD49EA2BAB4D8100CCBA16 /* AppInfoFetch.swift in Sources */,
				C74422432E494D830002D277 /* PackageView.swift in Sources */,
				C77B90162AF19377009CC655 /* AppState.swift in Sources */,
				C7DD49EE2BAB7F6000CCBA16 /* ReversePathsFetch.swift in Sources */,
				C7C90DD32DA81C5D0056769A /* Lipo.swift in Sources */,
				C7A2A4D62DDB957D006E05E4 /* CLI.swift in Sources */,
				C7D31D512AFF00F300C7ED9E /* Locations.swift in Sources */,
				C77B901A2AF1938F009CC655 /* Logic.swift in Sources */,
				C78D7B212D556F1A003DD49F /* AppPathsFetch.swift in Sources */,
				C770D7DB2CE7C9AD00B3492A /* DevelopmentView.swift in Sources */,
				C74422412E4936750002D277 /* DaemonView.swift in Sources */,
				C72893052AFD42E600C8C1CD /* DeepLink.swift in Sources */,
				C73545EB2D8496E000A3DC0C /* HelperToolManager.swift in Sources */,
				C72FDCB92D6D089100DE7D56 /* UndoManager.swift in Sources */,
				C77B90042AF18E2E009CC655 /* PearcleanerApp.swift in Sources */,
				C7A269292D5D139600FA96EC /* TerminalView.swift in Sources */,
				C77B90182AF19382009CC655 /* AppCommands.swift in Sources */,
				C7A6C8E72E3D5F610072858F /* LeftNavigation.swift in Sources */,
				C74FDC632BCD833D00B8960F /* Conditions.swift in Sources */,
				C7F539382AF60865007DF1B2 /* Utilities.swift in Sources */,
			);
			runOnlyForDeploymentPostprocessing = 0;
		};
		C781215F2BC892A000BE06BD /* Sources */ = {
			isa = PBXSourcesBuildPhase;
			buildActionMask = 2147483647;
			files = (
				C78121662BC892A000BE06BD /* FinderOpen.swift in Sources */,
			);
			runOnlyForDeploymentPostprocessing = 0;
		};
/* End PBXSourcesBuildPhase section */

/* Begin PBXTargetDependency section */
		C781216A2BC892A000BE06BD /* PBXTargetDependency */ = {
			isa = PBXTargetDependency;
			target = C78121622BC892A000BE06BD /* FinderOpen */;
			targetProxy = C78121692BC892A000BE06BD /* PBXContainerItemProxy */;
		};
/* End PBXTargetDependency section */

/* Begin XCBuildConfiguration section */
		C72893142AFD51EA00C8C1CD /* Debug */ = {
			isa = XCBuildConfiguration;
			buildSettings = {
				APP_BUILD = "$(APP_BUILD)";
				APP_VERSION = "$(APP_VERSION)";
				CODE_SIGN_ENTITLEMENTS = "";
				"CODE_SIGN_IDENTITY[sdk=macosx*]" = "Developer ID Application";
				CODE_SIGN_STYLE = Manual;
				CURRENT_PROJECT_VERSION = "$(APP_BUILD)";
				DEAD_CODE_STRIPPING = YES;
				DEVELOPMENT_TEAM = "";
				"DEVELOPMENT_TEAM[sdk=macosx*]" = BK8443AXLU;
				ENABLE_HARDENED_RUNTIME = YES;
				FRAMEWORK_SEARCH_PATHS = "";
				INSTALL_PATH = "";
				MACOSX_DEPLOYMENT_TARGET = 13.0;
				MARKETING_VERSION = "$(APP_VERSION)";
				PRODUCT_BUNDLE_IDENTIFIER = com.alienator88.PearcleanerSentinel;
				PRODUCT_NAME = "$(TARGET_NAME)";
				PROVISIONING_PROFILE_SPECIFIER = "";
				SKIP_INSTALL = YES;
				SWIFT_VERSION = 5.0;
			};
			name = Debug;
		};
		C72893152AFD51EA00C8C1CD /* Release */ = {
			isa = XCBuildConfiguration;
			buildSettings = {
				APP_BUILD = "$(APP_BUILD)";
				APP_VERSION = "$(APP_VERSION)";
				CODE_SIGN_ENTITLEMENTS = "";
				"CODE_SIGN_IDENTITY[sdk=macosx*]" = "Developer ID Application";
				CODE_SIGN_STYLE = Manual;
				CURRENT_PROJECT_VERSION = "$(APP_BUILD)";
				DEAD_CODE_STRIPPING = YES;
				DEVELOPMENT_TEAM = "";
				"DEVELOPMENT_TEAM[sdk=macosx*]" = BK8443AXLU;
				ENABLE_HARDENED_RUNTIME = YES;
				FRAMEWORK_SEARCH_PATHS = "";
				INSTALL_PATH = "";
				MACOSX_DEPLOYMENT_TARGET = 13.0;
				MARKETING_VERSION = "$(APP_VERSION)";
				PRODUCT_BUNDLE_IDENTIFIER = com.alienator88.PearcleanerSentinel;
				PRODUCT_NAME = "$(TARGET_NAME)";
				PROVISIONING_PROFILE_SPECIFIER = "";
				SKIP_INSTALL = YES;
				SWIFT_VERSION = 5.0;
			};
			name = Release;
		};
		C73545F52D849A1B00A3DC0C /* Debug */ = {
			isa = XCBuildConfiguration;
			buildSettings = {
				CLANG_ENABLE_MODULES = YES;
				"CODE_SIGN_IDENTITY[sdk=macosx*]" = "Developer ID Application";
				CODE_SIGN_STYLE = Manual;
				CURRENT_PROJECT_VERSION = "$(APP_BUILD)";
				DEVELOPMENT_TEAM = "";
				"DEVELOPMENT_TEAM[sdk=macosx*]" = BK8443AXLU;
				ENABLE_HARDENED_RUNTIME = YES;
				INSTALL_PATH = "";
				MACOSX_DEPLOYMENT_TARGET = 13.0;
				MARKETING_VERSION = "$(APP_VERSION)";
				PRODUCT_BUNDLE_IDENTIFIER = com.alienator88.Pearcleaner.PearcleanerHelper;
				PRODUCT_NAME = "$(TARGET_NAME)";
				PROVISIONING_PROFILE_SPECIFIER = "";
				SWIFT_OBJC_BRIDGING_HEADER = "";
				SWIFT_OPTIMIZATION_LEVEL = "-Onone";
				SWIFT_VERSION = 5.0;
			};
			name = Debug;
		};
		C73545F62D849A1B00A3DC0C /* Release */ = {
			isa = XCBuildConfiguration;
			buildSettings = {
				CLANG_ENABLE_MODULES = YES;
				"CODE_SIGN_IDENTITY[sdk=macosx*]" = "Developer ID Application";
				CODE_SIGN_STYLE = Manual;
				CURRENT_PROJECT_VERSION = "$(APP_BUILD)";
				DEBUG_INFORMATION_FORMAT = "dwarf-with-dsym";
				DEVELOPMENT_TEAM = "";
				"DEVELOPMENT_TEAM[sdk=macosx*]" = BK8443AXLU;
				ENABLE_HARDENED_RUNTIME = YES;
				INSTALL_PATH = "";
				MACOSX_DEPLOYMENT_TARGET = 13.0;
				MARKETING_VERSION = "$(APP_VERSION)";
				PRODUCT_BUNDLE_IDENTIFIER = com.alienator88.Pearcleaner.PearcleanerHelper;
				PRODUCT_NAME = "$(TARGET_NAME)";
				PROVISIONING_PROFILE_SPECIFIER = "";
				SWIFT_OBJC_BRIDGING_HEADER = "";
				SWIFT_VERSION = 5.0;
			};
			name = Release;
		};
		C77B900D2AF18E2F009CC655 /* Debug */ = {
			isa = XCBuildConfiguration;
			buildSettings = {
				ALWAYS_SEARCH_USER_PATHS = NO;
				APP_BUILD = 87;
				APP_VERSION = 5.0.0;
				ASSETCATALOG_COMPILER_GENERATE_SWIFT_ASSET_SYMBOL_EXTENSIONS = YES;
				CLANG_ANALYZER_LOCALIZABILITY_NONLOCALIZED = YES;
				CLANG_ANALYZER_NONNULL = YES;
				CLANG_ANALYZER_NUMBER_OBJECT_CONVERSION = YES_AGGRESSIVE;
				CLANG_CXX_LANGUAGE_STANDARD = "gnu++20";
				CLANG_ENABLE_MODULES = YES;
				CLANG_ENABLE_OBJC_ARC = YES;
				CLANG_ENABLE_OBJC_WEAK = YES;
				CLANG_WARN_BLOCK_CAPTURE_AUTORELEASING = YES;
				CLANG_WARN_BOOL_CONVERSION = YES;
				CLANG_WARN_COMMA = YES;
				CLANG_WARN_CONSTANT_CONVERSION = YES;
				CLANG_WARN_DEPRECATED_OBJC_IMPLEMENTATIONS = YES;
				CLANG_WARN_DIRECT_OBJC_ISA_USAGE = YES_ERROR;
				CLANG_WARN_DOCUMENTATION_COMMENTS = YES;
				CLANG_WARN_EMPTY_BODY = YES;
				CLANG_WARN_ENUM_CONVERSION = YES;
				CLANG_WARN_INFINITE_RECURSION = YES;
				CLANG_WARN_INT_CONVERSION = YES;
				CLANG_WARN_NON_LITERAL_NULL_CONVERSION = YES;
				CLANG_WARN_OBJC_IMPLICIT_RETAIN_SELF = YES;
				CLANG_WARN_OBJC_LITERAL_CONVERSION = YES;
				CLANG_WARN_OBJC_ROOT_CLASS = YES_ERROR;
				CLANG_WARN_QUOTED_INCLUDE_IN_FRAMEWORK_HEADER = YES;
				CLANG_WARN_RANGE_LOOP_ANALYSIS = YES;
				CLANG_WARN_STRICT_PROTOTYPES = YES;
				CLANG_WARN_SUSPICIOUS_MOVE = YES;
				CLANG_WARN_UNGUARDED_AVAILABILITY = YES_AGGRESSIVE;
				CLANG_WARN_UNREACHABLE_CODE = YES;
				CLANG_WARN__DUPLICATE_METHOD_MATCH = YES;
				CODE_SIGN_ENTITLEMENTS = "";
				COPY_PHASE_STRIP = NO;
				CURRENT_PROJECT_VERSION = 77;
				DEAD_CODE_STRIPPING = YES;
				DEBUG_INFORMATION_FORMAT = dwarf;
				ENABLE_STRICT_OBJC_MSGSEND = YES;
				ENABLE_TESTABILITY = YES;
				ENABLE_USER_SCRIPT_SANDBOXING = YES;
				FRAMEWORK_SEARCH_PATHS = "";
				GCC_C_LANGUAGE_STANDARD = gnu17;
				GCC_DYNAMIC_NO_PIC = NO;
				GCC_NO_COMMON_BLOCKS = YES;
				GCC_OPTIMIZATION_LEVEL = 0;
				GCC_PREPROCESSOR_DEFINITIONS = (
					"DEBUG=1",
					"$(inherited)",
				);
				GCC_WARN_64_TO_32_BIT_CONVERSION = YES;
				GCC_WARN_ABOUT_RETURN_TYPE = YES_ERROR;
				GCC_WARN_UNDECLARED_SELECTOR = YES;
				GCC_WARN_UNINITIALIZED_AUTOS = YES_AGGRESSIVE;
				GCC_WARN_UNUSED_FUNCTION = YES;
				GCC_WARN_UNUSED_VARIABLE = YES;
				LOCALIZATION_PREFERS_STRING_CATALOGS = YES;
				MACOSX_DEPLOYMENT_TARGET = 13.0;
				MARKETING_VERSION = 4.4.0;
				MTL_ENABLE_DEBUG_INFO = INCLUDE_SOURCE;
				MTL_FAST_MATH = YES;
				ONLY_ACTIVE_ARCH = YES;
				SDKROOT = macosx;
				SWIFT_ACTIVE_COMPILATION_CONDITIONS = "DEBUG $(inherited)";
				SWIFT_EMIT_LOC_STRINGS = YES;
				SWIFT_OPTIMIZATION_LEVEL = "-Onone";
			};
			name = Debug;
		};
		C77B900E2AF18E2F009CC655 /* Release */ = {
			isa = XCBuildConfiguration;
			buildSettings = {
				ALWAYS_SEARCH_USER_PATHS = NO;
				APP_BUILD = 87;
				APP_VERSION = 5.0.0;
				ASSETCATALOG_COMPILER_GENERATE_SWIFT_ASSET_SYMBOL_EXTENSIONS = YES;
				CLANG_ANALYZER_LOCALIZABILITY_NONLOCALIZED = YES;
				CLANG_ANALYZER_NONNULL = YES;
				CLANG_ANALYZER_NUMBER_OBJECT_CONVERSION = YES_AGGRESSIVE;
				CLANG_CXX_LANGUAGE_STANDARD = "gnu++20";
				CLANG_ENABLE_MODULES = YES;
				CLANG_ENABLE_OBJC_ARC = YES;
				CLANG_ENABLE_OBJC_WEAK = YES;
				CLANG_WARN_BLOCK_CAPTURE_AUTORELEASING = YES;
				CLANG_WARN_BOOL_CONVERSION = YES;
				CLANG_WARN_COMMA = YES;
				CLANG_WARN_CONSTANT_CONVERSION = YES;
				CLANG_WARN_DEPRECATED_OBJC_IMPLEMENTATIONS = YES;
				CLANG_WARN_DIRECT_OBJC_ISA_USAGE = YES_ERROR;
				CLANG_WARN_DOCUMENTATION_COMMENTS = YES;
				CLANG_WARN_EMPTY_BODY = YES;
				CLANG_WARN_ENUM_CONVERSION = YES;
				CLANG_WARN_INFINITE_RECURSION = YES;
				CLANG_WARN_INT_CONVERSION = YES;
				CLANG_WARN_NON_LITERAL_NULL_CONVERSION = YES;
				CLANG_WARN_OBJC_IMPLICIT_RETAIN_SELF = YES;
				CLANG_WARN_OBJC_LITERAL_CONVERSION = YES;
				CLANG_WARN_OBJC_ROOT_CLASS = YES_ERROR;
				CLANG_WARN_QUOTED_INCLUDE_IN_FRAMEWORK_HEADER = YES;
				CLANG_WARN_RANGE_LOOP_ANALYSIS = YES;
				CLANG_WARN_STRICT_PROTOTYPES = YES;
				CLANG_WARN_SUSPICIOUS_MOVE = YES;
				CLANG_WARN_UNGUARDED_AVAILABILITY = YES_AGGRESSIVE;
				CLANG_WARN_UNREACHABLE_CODE = YES;
				CLANG_WARN__DUPLICATE_METHOD_MATCH = YES;
				CODE_SIGN_ENTITLEMENTS = "";
				COPY_PHASE_STRIP = NO;
				CURRENT_PROJECT_VERSION = 77;
				DEAD_CODE_STRIPPING = YES;
				DEBUG_INFORMATION_FORMAT = dwarf;
				ENABLE_NS_ASSERTIONS = NO;
				ENABLE_STRICT_OBJC_MSGSEND = YES;
				ENABLE_USER_SCRIPT_SANDBOXING = YES;
				FRAMEWORK_SEARCH_PATHS = "";
				GCC_C_LANGUAGE_STANDARD = gnu17;
				GCC_NO_COMMON_BLOCKS = YES;
				GCC_WARN_64_TO_32_BIT_CONVERSION = YES;
				GCC_WARN_ABOUT_RETURN_TYPE = YES_ERROR;
				GCC_WARN_UNDECLARED_SELECTOR = YES;
				GCC_WARN_UNINITIALIZED_AUTOS = YES_AGGRESSIVE;
				GCC_WARN_UNUSED_FUNCTION = YES;
				GCC_WARN_UNUSED_VARIABLE = YES;
				LOCALIZATION_PREFERS_STRING_CATALOGS = YES;
				MACOSX_DEPLOYMENT_TARGET = 13.0;
				MARKETING_VERSION = 4.4.0;
				MTL_ENABLE_DEBUG_INFO = NO;
				MTL_FAST_MATH = YES;
				SDKROOT = macosx;
				SWIFT_COMPILATION_MODE = wholemodule;
				SWIFT_EMIT_LOC_STRINGS = YES;
				SWIFT_OPTIMIZATION_LEVEL = "-O";
			};
			name = Release;
		};
		C77B90102AF18E2F009CC655 /* Debug */ = {
			isa = XCBuildConfiguration;
			buildSettings = {
				APP_BUILD = "$(APP_BUILD)";
				APP_VERSION = "$(APP_VERSION)";
				ASSETCATALOG_COMPILER_APPICON_NAME = AppIcon;
				ASSETCATALOG_COMPILER_GLOBAL_ACCENT_COLOR_NAME = AccentColor;
				CODE_SIGN_ENTITLEMENTS = Pearcleaner/Resources/Pearcleaner.entitlements;
				"CODE_SIGN_IDENTITY[sdk=macosx*]" = "Developer ID Application";
				CODE_SIGN_STYLE = Manual;
				COMBINE_HIDPI_IMAGES = YES;
				COPY_PHASE_STRIP = NO;
				CURRENT_PROJECT_VERSION = "$(APP_BUILD)";
				DEAD_CODE_STRIPPING = YES;
				DEVELOPMENT_ASSET_PATHS = "";
				DEVELOPMENT_TEAM = "";
				"DEVELOPMENT_TEAM[sdk=macosx*]" = BK8443AXLU;
				ENABLE_HARDENED_RUNTIME = YES;
				ENABLE_PREVIEWS = YES;
				GENERATE_INFOPLIST_FILE = YES;
				INFOPLIST_FILE = Pearcleaner/Resources/Info.plist;
				INFOPLIST_KEY_CFBundleDisplayName = Pearcleaner;
				INFOPLIST_KEY_LSApplicationCategoryType = "public.app-category.utilities";
				INFOPLIST_KEY_NSHumanReadableCopyright = "";
				INFOPLIST_KEY_NSSystemAdministrationUsageDescription = "Pearcleaner requires full disk access to be able to delete files in locations with no permission";
				INFOPLIST_KEY_NSSystemExtensionUsageDescription = "Pearcleaner requires this permission for the Finder Extension";
				LD_RUNPATH_SEARCH_PATHS = (
					"$(inherited)",
					"@executable_path/../Frameworks",
				);
				MACOSX_DEPLOYMENT_TARGET = 13.0;
				MARKETING_VERSION = "$(APP_VERSION)";
				PRODUCT_BUNDLE_IDENTIFIER = com.alienator88.Pearcleaner;
				PRODUCT_NAME = "$(TARGET_NAME)";
				PROVISIONING_PROFILE_SPECIFIER = "";
				"PROVISIONING_PROFILE_SPECIFIER[sdk=macosx*]" = "M1 Pro Signed - Pearcleaner";
				REGISTER_APP_GROUPS = YES;
				SWIFT_EMIT_LOC_STRINGS = YES;
				SWIFT_VERSION = 5.0;
			};
			name = Debug;
		};
		C77B90112AF18E2F009CC655 /* Release */ = {
			isa = XCBuildConfiguration;
			buildSettings = {
				APP_BUILD = "$(APP_BUILD)";
				APP_VERSION = "$(APP_VERSION)";
				ASSETCATALOG_COMPILER_APPICON_NAME = AppIcon;
				ASSETCATALOG_COMPILER_GLOBAL_ACCENT_COLOR_NAME = AccentColor;
				CODE_SIGN_ENTITLEMENTS = Pearcleaner/Resources/Pearcleaner.entitlements;
				"CODE_SIGN_IDENTITY[sdk=macosx*]" = "Developer ID Application";
				CODE_SIGN_STYLE = Manual;
				COMBINE_HIDPI_IMAGES = YES;
				COPY_PHASE_STRIP = NO;
				CURRENT_PROJECT_VERSION = "$(APP_BUILD)";
				DEAD_CODE_STRIPPING = YES;
				DEVELOPMENT_ASSET_PATHS = "";
				DEVELOPMENT_TEAM = "";
				"DEVELOPMENT_TEAM[sdk=macosx*]" = BK8443AXLU;
				ENABLE_HARDENED_RUNTIME = YES;
				ENABLE_PREVIEWS = YES;
				GENERATE_INFOPLIST_FILE = YES;
				INFOPLIST_FILE = Pearcleaner/Resources/Info.plist;
				INFOPLIST_KEY_CFBundleDisplayName = Pearcleaner;
				INFOPLIST_KEY_LSApplicationCategoryType = "public.app-category.utilities";
				INFOPLIST_KEY_NSHumanReadableCopyright = "";
				INFOPLIST_KEY_NSSystemAdministrationUsageDescription = "Pearcleaner requires full disk access to be able to delete files in locations with no permission";
				INFOPLIST_KEY_NSSystemExtensionUsageDescription = "Pearcleaner requires this permission for the Finder Extension";
				LD_RUNPATH_SEARCH_PATHS = (
					"$(inherited)",
					"@executable_path/../Frameworks",
				);
				MACOSX_DEPLOYMENT_TARGET = 13.0;
				MARKETING_VERSION = "$(APP_VERSION)";
				PRODUCT_BUNDLE_IDENTIFIER = com.alienator88.Pearcleaner;
				PRODUCT_NAME = "$(TARGET_NAME)";
				PROVISIONING_PROFILE_SPECIFIER = "";
				"PROVISIONING_PROFILE_SPECIFIER[sdk=macosx*]" = "M1 Pro Signed - Pearcleaner";
				REGISTER_APP_GROUPS = YES;
				SWIFT_EMIT_LOC_STRINGS = YES;
				SWIFT_OPTIMIZATION_LEVEL = "-Osize";
				SWIFT_VERSION = 5.0;
			};
			name = Release;
		};
		C781216D2BC892A000BE06BD /* Debug */ = {
			isa = XCBuildConfiguration;
			buildSettings = {
				APP_BUILD = "$(APP_BUILD)";
				APP_VERSION = "$(APP_VERSION)";
				CODE_SIGN_ENTITLEMENTS = FinderOpen/FinderOpen.entitlements;
				"CODE_SIGN_IDENTITY[sdk=macosx*]" = "Developer ID Application";
				CODE_SIGN_STYLE = Manual;
				COMBINE_HIDPI_IMAGES = YES;
				CURRENT_PROJECT_VERSION = "$(APP_BUILD)";
				DEVELOPMENT_TEAM = "";
				"DEVELOPMENT_TEAM[sdk=macosx*]" = BK8443AXLU;
				ENABLE_HARDENED_RUNTIME = YES;
				GENERATE_INFOPLIST_FILE = YES;
				INFOPLIST_FILE = FinderOpen/Info.plist;
				INFOPLIST_KEY_CFBundleDisplayName = FinderOpen;
				INFOPLIST_KEY_LSApplicationCategoryType = "";
				INFOPLIST_KEY_LSUIElement = YES;
				INFOPLIST_KEY_NSHumanReadableCopyright = "";
				LD_RUNPATH_SEARCH_PATHS = (
					"$(inherited)",
					"@executable_path/../Frameworks",
					"@executable_path/../../../../Frameworks",
				);
				MACOSX_DEPLOYMENT_TARGET = 13.0;
				MARKETING_VERSION = "$(APP_VERSION)";
				PRODUCT_BUNDLE_IDENTIFIER = com.alienator88.Pearcleaner;
				PRODUCT_NAME = "$(TARGET_NAME)";
				PROVISIONING_PROFILE_SPECIFIER = "";
				"PROVISIONING_PROFILE_SPECIFIER[sdk=macosx*]" = "M1 Pro Signed - Pearcleaner";
				REGISTER_APP_GROUPS = YES;
				SKIP_INSTALL = YES;
				SWIFT_EMIT_LOC_STRINGS = YES;
				SWIFT_VERSION = 5.0;
			};
			name = Debug;
		};
		C781216E2BC892A000BE06BD /* Release */ = {
			isa = XCBuildConfiguration;
			buildSettings = {
				APP_BUILD = "$(APP_BUILD)";
				APP_VERSION = "$(APP_VERSION)";
				CODE_SIGN_ENTITLEMENTS = FinderOpen/FinderOpen.entitlements;
				"CODE_SIGN_IDENTITY[sdk=macosx*]" = "Developer ID Application";
				CODE_SIGN_STYLE = Manual;
				COMBINE_HIDPI_IMAGES = YES;
				CURRENT_PROJECT_VERSION = "$(APP_BUILD)";
				DEVELOPMENT_TEAM = "";
				"DEVELOPMENT_TEAM[sdk=macosx*]" = BK8443AXLU;
				ENABLE_HARDENED_RUNTIME = YES;
				GCC_OPTIMIZATION_LEVEL = "";
				GENERATE_INFOPLIST_FILE = YES;
				INFOPLIST_FILE = FinderOpen/Info.plist;
				INFOPLIST_KEY_CFBundleDisplayName = FinderOpen;
				INFOPLIST_KEY_LSApplicationCategoryType = "";
				INFOPLIST_KEY_LSUIElement = YES;
				INFOPLIST_KEY_NSHumanReadableCopyright = "";
				LD_RUNPATH_SEARCH_PATHS = (
					"$(inherited)",
					"@executable_path/../Frameworks",
					"@executable_path/../../../../Frameworks",
				);
				MACOSX_DEPLOYMENT_TARGET = 13.0;
				MARKETING_VERSION = "$(APP_VERSION)";
				PRODUCT_BUNDLE_IDENTIFIER = com.alienator88.Pearcleaner;
				PRODUCT_NAME = "$(TARGET_NAME)";
				PROVISIONING_PROFILE_SPECIFIER = "";
				"PROVISIONING_PROFILE_SPECIFIER[sdk=macosx*]" = "M1 Pro Signed - Pearcleaner";
				REGISTER_APP_GROUPS = YES;
				SKIP_INSTALL = YES;
				SWIFT_EMIT_LOC_STRINGS = YES;
				SWIFT_VERSION = 5.0;
			};
			name = Release;
		};
/* End XCBuildConfiguration section */

/* Begin XCConfigurationList section */
		C72893132AFD51EA00C8C1CD /* Build configuration list for PBXNativeTarget "PearcleanerSentinel" */ = {
			isa = XCConfigurationList;
			buildConfigurations = (
				C72893142AFD51EA00C8C1CD /* Debug */,
				C72893152AFD51EA00C8C1CD /* Release */,
			);
			defaultConfigurationIsVisible = 0;
			defaultConfigurationName = Release;
		};
		C73545F42D849A1B00A3DC0C /* Build configuration list for PBXNativeTarget "PearcleanerHelper" */ = {
			isa = XCConfigurationList;
			buildConfigurations = (
				C73545F52D849A1B00A3DC0C /* Debug */,
				C73545F62D849A1B00A3DC0C /* Release */,
			);
			defaultConfigurationIsVisible = 0;
			defaultConfigurationName = Release;
		};
		C77B8FFB2AF18E2E009CC655 /* Build configuration list for PBXProject "Pearcleaner" */ = {
			isa = XCConfigurationList;
			buildConfigurations = (
				C77B900D2AF18E2F009CC655 /* Debug */,
				C77B900E2AF18E2F009CC655 /* Release */,
			);
			defaultConfigurationIsVisible = 0;
			defaultConfigurationName = Release;
		};
		C77B900F2AF18E2F009CC655 /* Build configuration list for PBXNativeTarget "Pearcleaner" */ = {
			isa = XCConfigurationList;
			buildConfigurations = (
				C77B90102AF18E2F009CC655 /* Debug */,
				C77B90112AF18E2F009CC655 /* Release */,
			);
			defaultConfigurationIsVisible = 0;
			defaultConfigurationName = Release;
		};
		C781216F2BC892A000BE06BD /* Build configuration list for PBXNativeTarget "FinderOpen" */ = {
			isa = XCConfigurationList;
			buildConfigurations = (
				C781216D2BC892A000BE06BD /* Debug */,
				C781216E2BC892A000BE06BD /* Release */,
			);
			defaultConfigurationIsVisible = 0;
			defaultConfigurationName = Release;
		};
/* End XCConfigurationList section */

/* Begin XCRemoteSwiftPackageReference section */
		C74E554D2D0773190007EC2C /* XCRemoteSwiftPackageReference "Ifrit" */ = {
			isa = XCRemoteSwiftPackageReference;
			repositoryURL = "https://github.com/ukushu/Ifrit.git";
			requirement = {
				branch = main;
				kind = branch;
			};
		};
		C7736E4D2C49A44200917293 /* XCRemoteSwiftPackageReference "AlinFoundation" */ = {
			isa = XCRemoteSwiftPackageReference;
			repositoryURL = "https://github.com/alienator88/AlinFoundation";
			requirement = {
				branch = main;
				kind = branch;
			};
		};
		C7A269252D5D138500FA96EC /* XCRemoteSwiftPackageReference "SwiftTerm" */ = {
			isa = XCRemoteSwiftPackageReference;
			repositoryURL = "https://github.com/migueldeicaza/SwiftTerm";
			requirement = {
				kind = upToNextMajorVersion;
				minimumVersion = 1.2.5;
			};
		};
		C7A2A4D72DDB95C4006E05E4 /* XCRemoteSwiftPackageReference "swift-argument-parser" */ = {
			isa = XCRemoteSwiftPackageReference;
			repositoryURL = "https://github.com/apple/swift-argument-parser.git";
			requirement = {
				kind = upToNextMajorVersion;
				minimumVersion = 1.5.0;
			};
		};
		C7A2AE5B2B9644DA00161540 /* XCRemoteSwiftPackageReference "FileWatcher" */ = {
			isa = XCRemoteSwiftPackageReference;
			repositoryURL = "https://github.com/eonist/FileWatcher.git";
			requirement = {
				kind = upToNextMajorVersion;
				minimumVersion = 0.2.3;
			};
		};
/* End XCRemoteSwiftPackageReference section */

/* Begin XCSwiftPackageProductDependency section */
		C74E55502D0773190007EC2C /* IfritStatic */ = {
			isa = XCSwiftPackageProductDependency;
			package = C74E554D2D0773190007EC2C /* XCRemoteSwiftPackageReference "Ifrit" */;
			productName = IfritStatic;
		};
		C76EDCD52C45DC82000CF29D /* AlinFoundation */ = {
			isa = XCSwiftPackageProductDependency;
			productName = AlinFoundation;
		};
		C7736E4E2C49A44200917293 /* AlinFoundation */ = {
			isa = XCSwiftPackageProductDependency;
			package = C7736E4D2C49A44200917293 /* XCRemoteSwiftPackageReference "AlinFoundation" */;
			productName = AlinFoundation;
		};
		C7A269262D5D138500FA96EC /* SwiftTerm */ = {
			isa = XCSwiftPackageProductDependency;
			package = C7A269252D5D138500FA96EC /* XCRemoteSwiftPackageReference "SwiftTerm" */;
			productName = SwiftTerm;
		};
		C7A2A4D82DDB95C4006E05E4 /* ArgumentParser */ = {
			isa = XCSwiftPackageProductDependency;
			package = C7A2A4D72DDB95C4006E05E4 /* XCRemoteSwiftPackageReference "swift-argument-parser" */;
			productName = ArgumentParser;
		};
		C7A2AE5C2B9644F300161540 /* FileWatcher */ = {
			isa = XCSwiftPackageProductDependency;
			package = C7A2AE5B2B9644DA00161540 /* XCRemoteSwiftPackageReference "FileWatcher" */;
			productName = FileWatcher;
		};
		C7C90DDD2DA8221B0056769A /* AlinFoundation */ = {
			isa = XCSwiftPackageProductDependency;
			package = C7736E4D2C49A44200917293 /* XCRemoteSwiftPackageReference "AlinFoundation" */;
			productName = AlinFoundation;
		};
/* End XCSwiftPackageProductDependency section */
	};
	rootObject = C77B8FF82AF18E2E009CC655 /* Project object */;
}
