// !$*UTF8*$!
{
	archiveVersion = 1;
	classes = {
	};
	objectVersion = 56;
	objects = {

/* Begin PBXBuildFile section */
		C7045A282B03E71D00376976 /* MiniMode.swift in Sources */ = {isa = PBXBuildFile; fileRef = C7045A272B03E71D00376976 /* MiniMode.swift */; };
		C7045A2A2B03FAF000376976 /* TopBarMini.swift in Sources */ = {isa = PBXBuildFile; fileRef = C7045A292B03FAF000376976 /* TopBarMini.swift */; };
		C7045A322B068AD700376976 /* NewWin.swift in Sources */ = {isa = PBXBuildFile; fileRef = C7045A312B068AD700376976 /* NewWin.swift */; };
		C7045A342B068B2900376976 /* UpdateView.swift in Sources */ = {isa = PBXBuildFile; fileRef = C7045A332B068B2900376976 /* UpdateView.swift */; };
		C7045A362B068DD700376976 /* PermView.swift in Sources */ = {isa = PBXBuildFile; fileRef = C7045A352B068DD700376976 /* PermView.swift */; };
		C71848442B8D2D600046CB13 /* ZombieView.swift in Sources */ = {isa = PBXBuildFile; fileRef = C71848432B8D2D600046CB13 /* ZombieView.swift */; };
		C72893052AFD42E600C8C1CD /* DeepLink.swift in Sources */ = {isa = PBXBuildFile; fileRef = C72893042AFD42E600C8C1CD /* DeepLink.swift */; };
		C72893122AFD51EA00C8C1CD /* main.swift in Sources */ = {isa = PBXBuildFile; fileRef = C72893112AFD51EA00C8C1CD /* main.swift */; };
		C74412C72BBF249000DDFCA8 /* AppPathsFetch.swift in Sources */ = {isa = PBXBuildFile; fileRef = C74412C62BBF249000DDFCA8 /* AppPathsFetch.swift */; };
		C74FDC632BCD833D00B8960F /* Conditions.swift in Sources */ = {isa = PBXBuildFile; fileRef = C74FDC622BCD833D00B8960F /* Conditions.swift */; };
		C7575D392B0182DE006A600A /* PearcleanerSentinel in CopyFiles */ = {isa = PBXBuildFile; fileRef = C728930F2AFD51EA00C8C1CD /* PearcleanerSentinel */; settings = {ATTRIBUTES = (CodeSignOnCopy, ); }; };
		C76D08482AF83C3F00D07867 /* Update.swift in Sources */ = {isa = PBXBuildFile; fileRef = C76D08472AF83C3F00D07867 /* Update.swift */; };
		C76D084A2AF83C6E00D07867 /* General.swift in Sources */ = {isa = PBXBuildFile; fileRef = C76D08492AF83C6E00D07867 /* General.swift */; };
		C76D08512AF850F300D07867 /* About.swift in Sources */ = {isa = PBXBuildFile; fileRef = C76D08502AF850F300D07867 /* About.swift */; };
		C76D08552AF89CDE00D07867 /* RegularMode.swift in Sources */ = {isa = PBXBuildFile; fileRef = C76D08542AF89CDE00D07867 /* RegularMode.swift */; };
		C771CB762BD028AF00C33A18 /* SegmentedPicker.swift in Sources */ = {isa = PBXBuildFile; fileRef = C771CB752BD028AF00C33A18 /* SegmentedPicker.swift */; };
		C77B90042AF18E2E009CC655 /* PearcleanerApp.swift in Sources */ = {isa = PBXBuildFile; fileRef = C77B90032AF18E2E009CC655 /* PearcleanerApp.swift */; };
		C77B90082AF18E2F009CC655 /* Assets.xcassets in Resources */ = {isa = PBXBuildFile; fileRef = C77B90072AF18E2F009CC655 /* Assets.xcassets */; };
		C77B90162AF19377009CC655 /* AppState.swift in Sources */ = {isa = PBXBuildFile; fileRef = C77B90152AF19377009CC655 /* AppState.swift */; };
		C77B90182AF19382009CC655 /* AppCommands.swift in Sources */ = {isa = PBXBuildFile; fileRef = C77B90172AF19382009CC655 /* AppCommands.swift */; };
		C77B901A2AF1938F009CC655 /* Logic.swift in Sources */ = {isa = PBXBuildFile; fileRef = C77B90192AF1938F009CC655 /* Logic.swift */; };
		C77B901C2AF193A3009CC655 /* Styles.swift in Sources */ = {isa = PBXBuildFile; fileRef = C77B901B2AF193A3009CC655 /* Styles.swift */; };
		C77B901E2AF1A9DB009CC655 /* SettingsWindow.swift in Sources */ = {isa = PBXBuildFile; fileRef = C77B901D2AF1A9DB009CC655 /* SettingsWindow.swift */; };
		C77B90232AF2D616009CC655 /* FilesView.swift in Sources */ = {isa = PBXBuildFile; fileRef = C77B90222AF2D616009CC655 /* FilesView.swift */; };
		C78121662BC892A000BE06BD /* FinderOpen.swift in Sources */ = {isa = PBXBuildFile; fileRef = C78121652BC892A000BE06BD /* FinderOpen.swift */; };
		C781216B2BC892A000BE06BD /* FinderOpen.appex in Embed Foundation Extensions */ = {isa = PBXBuildFile; fileRef = C78121632BC892A000BE06BD /* FinderOpen.appex */; settings = {ATTRIBUTES = (RemoveHeadersOnCopy, ); }; };
		C79D05202BC99EB40083F976 /* ThemeManager.swift in Sources */ = {isa = PBXBuildFile; fileRef = C79D051F2BC99EB40083F976 /* ThemeManager.swift */; };
		C7A27E812AFD7C4600166168 /* com.alienator88.PearcleanerSentinel.plist in Resources */ = {isa = PBXBuildFile; fileRef = C7A27E802AFD7C4600166168 /* com.alienator88.PearcleanerSentinel.plist */; };
		C7A2AE5D2B9644F300161540 /* FileWatcher in Frameworks */ = {isa = PBXBuildFile; productRef = C7A2AE5C2B9644F300161540 /* FileWatcher */; };
		C7A9CE472B89164700EB6E78 /* Authorization.swift in Sources */ = {isa = PBXBuildFile; fileRef = C7A9CE462B89164700EB6E78 /* Authorization.swift */; };
		C7ACADE62B92A737000B5845 /* Features.swift in Sources */ = {isa = PBXBuildFile; fileRef = C7ACADE52B92A737000B5845 /* Features.swift */; };
		C7CF47242B3B3F1700979C5F /* WindowSettings.swift in Sources */ = {isa = PBXBuildFile; fileRef = C7CF47232B3B3F1700979C5F /* WindowSettings.swift */; };
		C7D31D482AFEB23700C7ED9E /* TopBar.swift in Sources */ = {isa = PBXBuildFile; fileRef = C7D31D472AFEB23700C7ED9E /* TopBar.swift */; };
		C7D31D4A2AFEB26700C7ED9E /* AppListItems.swift in Sources */ = {isa = PBXBuildFile; fileRef = C7D31D492AFEB26700C7ED9E /* AppListItems.swift */; };
		C7D31D512AFF00F300C7ED9E /* Locations.swift in Sources */ = {isa = PBXBuildFile; fileRef = C7D31D502AFF00F300C7ED9E /* Locations.swift */; };
		C7DC1FEE2B9F7D3D009AC317 /* features.json in Resources */ = {isa = PBXBuildFile; fileRef = C7DC1FED2B9F7D3D009AC317 /* features.json */; };
		C7DD49EA2BAB4D8100CCBA16 /* AppInfoFetch.swift in Sources */ = {isa = PBXBuildFile; fileRef = C7DD49E92BAB4D8100CCBA16 /* AppInfoFetch.swift */; };
		C7DD49EE2BAB7F6000CCBA16 /* ReversePathsFetch.swift in Sources */ = {isa = PBXBuildFile; fileRef = C7DD49ED2BAB7F6000CCBA16 /* ReversePathsFetch.swift */; };
		C7DD49F02BABA14400CCBA16 /* Folders.swift in Sources */ = {isa = PBXBuildFile; fileRef = C7DD49EF2BABA14400CCBA16 /* Folders.swift */; };
		C7DE672B2BA6343D00EB1633 /* MenuBarItem.swift in Sources */ = {isa = PBXBuildFile; fileRef = C7DE672A2BA6343D00EB1633 /* MenuBarItem.swift */; };
		C7DE672D2BA6356500EB1633 /* MenuBarMiniAppView.swift in Sources */ = {isa = PBXBuildFile; fileRef = C7DE672C2BA6356500EB1633 /* MenuBarMiniAppView.swift */; };
		C7ED86B12BA8A35500F13DE4 /* Interface.swift in Sources */ = {isa = PBXBuildFile; fileRef = C7ED86B02BA8A35500F13DE4 /* Interface.swift */; };
		C7ED86B32BA8ED8800F13DE4 /* Trash.swift in Sources */ = {isa = PBXBuildFile; fileRef = C7ED86B22BA8ED8800F13DE4 /* Trash.swift */; };
		C7F539382AF60865007DF1B2 /* Utilities.swift in Sources */ = {isa = PBXBuildFile; fileRef = C7F539372AF60865007DF1B2 /* Utilities.swift */; };
		C7FB173B2B96321300B96F9A /* AppsListView.swift in Sources */ = {isa = PBXBuildFile; fileRef = C7FB173A2B96321300B96F9A /* AppsListView.swift */; };
/* End PBXBuildFile section */

/* Begin PBXContainerItemProxy section */
		C78121692BC892A000BE06BD /* PBXContainerItemProxy */ = {
			isa = PBXContainerItemProxy;
			containerPortal = C77B8FF82AF18E2E009CC655 /* Project object */;
			proxyType = 1;
			remoteGlobalIDString = C78121622BC892A000BE06BD;
			remoteInfo = FinderOpen;
		};
/* End PBXContainerItemProxy section */

/* Begin PBXCopyFilesBuildPhase section */
		C728930D2AFD51EA00C8C1CD /* CopyFiles */ = {
			isa = PBXCopyFilesBuildPhase;
			buildActionMask = 2147483647;
			dstPath = /usr/share/man/man1/;
			dstSubfolderSpec = 0;
			files = (
			);
			runOnlyForDeploymentPostprocessing = 1;
		};
		C781216C2BC892A000BE06BD /* Embed Foundation Extensions */ = {
			isa = PBXCopyFilesBuildPhase;
			buildActionMask = 2147483647;
			dstPath = "";
			dstSubfolderSpec = 13;
			files = (
				C781216B2BC892A000BE06BD /* FinderOpen.appex in Embed Foundation Extensions */,
			);
			name = "Embed Foundation Extensions";
			runOnlyForDeploymentPostprocessing = 0;
		};
		C7A27E7D2AFD65C400166168 /* CopyFiles */ = {
			isa = PBXCopyFilesBuildPhase;
			buildActionMask = 2147483647;
			dstPath = "";
			dstSubfolderSpec = 6;
			files = (
				C7575D392B0182DE006A600A /* PearcleanerSentinel in CopyFiles */,
			);
			runOnlyForDeploymentPostprocessing = 0;
		};
/* End PBXCopyFilesBuildPhase section */

/* Begin PBXFileReference section */
		C7045A272B03E71D00376976 /* MiniMode.swift */ = {isa = PBXFileReference; lastKnownFileType = sourcecode.swift; path = MiniMode.swift; sourceTree = "<group>"; };
		C7045A292B03FAF000376976 /* TopBarMini.swift */ = {isa = PBXFileReference; lastKnownFileType = sourcecode.swift; path = TopBarMini.swift; sourceTree = "<group>"; };
		C7045A312B068AD700376976 /* NewWin.swift */ = {isa = PBXFileReference; lastKnownFileType = sourcecode.swift; path = NewWin.swift; sourceTree = "<group>"; };
		C7045A332B068B2900376976 /* UpdateView.swift */ = {isa = PBXFileReference; lastKnownFileType = sourcecode.swift; path = UpdateView.swift; sourceTree = "<group>"; };
		C7045A352B068DD700376976 /* PermView.swift */ = {isa = PBXFileReference; lastKnownFileType = sourcecode.swift; path = PermView.swift; sourceTree = "<group>"; };
		C71848432B8D2D600046CB13 /* ZombieView.swift */ = {isa = PBXFileReference; lastKnownFileType = sourcecode.swift; path = ZombieView.swift; sourceTree = "<group>"; };
		C72893042AFD42E600C8C1CD /* DeepLink.swift */ = {isa = PBXFileReference; lastKnownFileType = sourcecode.swift; path = DeepLink.swift; sourceTree = "<group>"; };
		C728930F2AFD51EA00C8C1CD /* PearcleanerSentinel */ = {isa = PBXFileReference; explicitFileType = "compiled.mach-o.executable"; includeInIndex = 0; path = PearcleanerSentinel; sourceTree = BUILT_PRODUCTS_DIR; };
		C72893112AFD51EA00C8C1CD /* main.swift */ = {isa = PBXFileReference; lastKnownFileType = sourcecode.swift; path = main.swift; sourceTree = "<group>"; };
		C74412C62BBF249000DDFCA8 /* AppPathsFetch.swift */ = {isa = PBXFileReference; lastKnownFileType = sourcecode.swift; path = AppPathsFetch.swift; sourceTree = "<group>"; };
		C74FDC622BCD833D00B8960F /* Conditions.swift */ = {isa = PBXFileReference; lastKnownFileType = sourcecode.swift; path = Conditions.swift; sourceTree = "<group>"; };
		C76D08472AF83C3F00D07867 /* Update.swift */ = {isa = PBXFileReference; lastKnownFileType = sourcecode.swift; path = Update.swift; sourceTree = "<group>"; };
		C76D08492AF83C6E00D07867 /* General.swift */ = {isa = PBXFileReference; lastKnownFileType = sourcecode.swift; path = General.swift; sourceTree = "<group>"; };
		C76D08502AF850F300D07867 /* About.swift */ = {isa = PBXFileReference; lastKnownFileType = sourcecode.swift; path = About.swift; sourceTree = "<group>"; };
		C76D08542AF89CDE00D07867 /* RegularMode.swift */ = {isa = PBXFileReference; lastKnownFileType = sourcecode.swift; path = RegularMode.swift; sourceTree = "<group>"; };
		C771CB752BD028AF00C33A18 /* SegmentedPicker.swift */ = {isa = PBXFileReference; lastKnownFileType = sourcecode.swift; path = SegmentedPicker.swift; sourceTree = "<group>"; };
		C77B90002AF18E2E009CC655 /* Pearcleaner.app */ = {isa = PBXFileReference; explicitFileType = wrapper.application; includeInIndex = 0; path = Pearcleaner.app; sourceTree = BUILT_PRODUCTS_DIR; };
		C77B90032AF18E2E009CC655 /* PearcleanerApp.swift */ = {isa = PBXFileReference; lastKnownFileType = sourcecode.swift; path = PearcleanerApp.swift; sourceTree = "<group>"; };
		C77B90072AF18E2F009CC655 /* Assets.xcassets */ = {isa = PBXFileReference; lastKnownFileType = folder.assetcatalog; path = Assets.xcassets; sourceTree = "<group>"; };
		C77B90142AF18E7C009CC655 /* Info.plist */ = {isa = PBXFileReference; lastKnownFileType = text.plist.xml; path = Info.plist; sourceTree = "<group>"; };
		C77B90152AF19377009CC655 /* AppState.swift */ = {isa = PBXFileReference; lastKnownFileType = sourcecode.swift; path = AppState.swift; sourceTree = "<group>"; };
		C77B90172AF19382009CC655 /* AppCommands.swift */ = {isa = PBXFileReference; lastKnownFileType = sourcecode.swift; path = AppCommands.swift; sourceTree = "<group>"; };
		C77B90192AF1938F009CC655 /* Logic.swift */ = {isa = PBXFileReference; lastKnownFileType = sourcecode.swift; path = Logic.swift; sourceTree = "<group>"; };
		C77B901B2AF193A3009CC655 /* Styles.swift */ = {isa = PBXFileReference; lastKnownFileType = sourcecode.swift; path = Styles.swift; sourceTree = "<group>"; };
		C77B901D2AF1A9DB009CC655 /* SettingsWindow.swift */ = {isa = PBXFileReference; lastKnownFileType = sourcecode.swift; path = SettingsWindow.swift; sourceTree = "<group>"; };
		C77B90222AF2D616009CC655 /* FilesView.swift */ = {isa = PBXFileReference; lastKnownFileType = sourcecode.swift; path = FilesView.swift; sourceTree = "<group>"; };
		C77B90242AF2D796009CC655 /* Pearcleaner.entitlements */ = {isa = PBXFileReference; fileEncoding = 4; lastKnownFileType = text.plist.entitlements; path = Pearcleaner.entitlements; sourceTree = "<group>"; };
		C78121632BC892A000BE06BD /* FinderOpen.appex */ = {isa = PBXFileReference; explicitFileType = "wrapper.app-extension"; includeInIndex = 0; path = FinderOpen.appex; sourceTree = BUILT_PRODUCTS_DIR; };
		C78121652BC892A000BE06BD /* FinderOpen.swift */ = {isa = PBXFileReference; lastKnownFileType = sourcecode.swift; path = FinderOpen.swift; sourceTree = "<group>"; };
		C78121672BC892A000BE06BD /* Info.plist */ = {isa = PBXFileReference; lastKnownFileType = text.plist.xml; path = Info.plist; sourceTree = "<group>"; };
		C78121682BC892A000BE06BD /* FinderOpen.entitlements */ = {isa = PBXFileReference; lastKnownFileType = text.plist.entitlements; path = FinderOpen.entitlements; sourceTree = "<group>"; };
		C79D051F2BC99EB40083F976 /* ThemeManager.swift */ = {isa = PBXFileReference; lastKnownFileType = sourcecode.swift; path = ThemeManager.swift; sourceTree = "<group>"; };
		C7A27E7F2AFD70DD00166168 /* PearcleanerSentinel.entitlements */ = {isa = PBXFileReference; lastKnownFileType = text.plist.entitlements; path = PearcleanerSentinel.entitlements; sourceTree = "<group>"; };
		C7A27E802AFD7C4600166168 /* com.alienator88.PearcleanerSentinel.plist */ = {isa = PBXFileReference; fileEncoding = 4; lastKnownFileType = text.plist.xml; path = com.alienator88.PearcleanerSentinel.plist; sourceTree = "<group>"; };
		C7A9CE462B89164700EB6E78 /* Authorization.swift */ = {isa = PBXFileReference; lastKnownFileType = sourcecode.swift; path = Authorization.swift; sourceTree = "<group>"; };
		C7ACADE52B92A737000B5845 /* Features.swift */ = {isa = PBXFileReference; lastKnownFileType = sourcecode.swift; path = Features.swift; sourceTree = "<group>"; };
		C7CF47232B3B3F1700979C5F /* WindowSettings.swift */ = {isa = PBXFileReference; lastKnownFileType = sourcecode.swift; path = WindowSettings.swift; sourceTree = "<group>"; };
		C7D31D472AFEB23700C7ED9E /* TopBar.swift */ = {isa = PBXFileReference; lastKnownFileType = sourcecode.swift; path = TopBar.swift; sourceTree = "<group>"; };
		C7D31D492AFEB26700C7ED9E /* AppListItems.swift */ = {isa = PBXFileReference; lastKnownFileType = sourcecode.swift; path = AppListItems.swift; sourceTree = "<group>"; };
		C7D31D502AFF00F300C7ED9E /* Locations.swift */ = {isa = PBXFileReference; lastKnownFileType = sourcecode.swift; path = Locations.swift; sourceTree = "<group>"; };
		C7DC1FED2B9F7D3D009AC317 /* features.json */ = {isa = PBXFileReference; fileEncoding = 4; lastKnownFileType = text.json; path = features.json; sourceTree = SOURCE_ROOT; };
		C7DD49E92BAB4D8100CCBA16 /* AppInfoFetch.swift */ = {isa = PBXFileReference; lastKnownFileType = sourcecode.swift; path = AppInfoFetch.swift; sourceTree = "<group>"; };
		C7DD49ED2BAB7F6000CCBA16 /* ReversePathsFetch.swift */ = {isa = PBXFileReference; lastKnownFileType = sourcecode.swift; path = ReversePathsFetch.swift; sourceTree = "<group>"; };
		C7DD49EF2BABA14400CCBA16 /* Folders.swift */ = {isa = PBXFileReference; lastKnownFileType = sourcecode.swift; path = Folders.swift; sourceTree = "<group>"; };
		C7DE672A2BA6343D00EB1633 /* MenuBarItem.swift */ = {isa = PBXFileReference; lastKnownFileType = sourcecode.swift; path = MenuBarItem.swift; sourceTree = "<group>"; };
		C7DE672C2BA6356500EB1633 /* MenuBarMiniAppView.swift */ = {isa = PBXFileReference; lastKnownFileType = sourcecode.swift; path = MenuBarMiniAppView.swift; sourceTree = "<group>"; };
		C7ED86B02BA8A35500F13DE4 /* Interface.swift */ = {isa = PBXFileReference; lastKnownFileType = sourcecode.swift; path = Interface.swift; sourceTree = "<group>"; };
		C7ED86B22BA8ED8800F13DE4 /* Trash.swift */ = {isa = PBXFileReference; lastKnownFileType = sourcecode.swift; path = Trash.swift; sourceTree = "<group>"; };
		C7F539372AF60865007DF1B2 /* Utilities.swift */ = {isa = PBXFileReference; lastKnownFileType = sourcecode.swift; path = Utilities.swift; sourceTree = "<group>"; };
		C7FB173A2B96321300B96F9A /* AppsListView.swift */ = {isa = PBXFileReference; lastKnownFileType = sourcecode.swift; path = AppsListView.swift; sourceTree = "<group>"; };
/* End PBXFileReference section */

/* Begin PBXFrameworksBuildPhase section */
		C728930C2AFD51EA00C8C1CD /* Frameworks */ = {
			isa = PBXFrameworksBuildPhase;
			buildActionMask = 2147483647;
			files = (
				C7A2AE5D2B9644F300161540 /* FileWatcher in Frameworks */,
			);
			runOnlyForDeploymentPostprocessing = 0;
		};
		C77B8FFD2AF18E2E009CC655 /* Frameworks */ = {
			isa = PBXFrameworksBuildPhase;
			buildActionMask = 2147483647;
			files = (
			);
			runOnlyForDeploymentPostprocessing = 0;
		};
		C78121602BC892A000BE06BD /* Frameworks */ = {
			isa = PBXFrameworksBuildPhase;
			buildActionMask = 2147483647;
			files = (
			);
			runOnlyForDeploymentPostprocessing = 0;
		};
/* End PBXFrameworksBuildPhase section */

/* Begin PBXGroup section */
		C7045A302B068ABE00376976 /* Windows */ = {
			isa = PBXGroup;
			children = (
				C7045A312B068AD700376976 /* NewWin.swift */,
				C7045A332B068B2900376976 /* UpdateView.swift */,
				C7045A352B068DD700376976 /* PermView.swift */,
				C7DE672A2BA6343D00EB1633 /* MenuBarItem.swift */,
				C7CF47232B3B3F1700979C5F /* WindowSettings.swift */,
			);
			path = Windows;
			sourceTree = "<group>";
		};
		C72893072AFD442600C8C1CD /* Logic */ = {
			isa = PBXGroup;
			children = (
				C77B90192AF1938F009CC655 /* Logic.swift */,
				C7DD49E92BAB4D8100CCBA16 /* AppInfoFetch.swift */,
				C74412C62BBF249000DDFCA8 /* AppPathsFetch.swift */,
				C7DD49ED2BAB7F6000CCBA16 /* ReversePathsFetch.swift */,
				C77B90172AF19382009CC655 /* AppCommands.swift */,
				C77B90152AF19377009CC655 /* AppState.swift */,
				C7F539372AF60865007DF1B2 /* Utilities.swift */,
				C72893042AFD42E600C8C1CD /* DeepLink.swift */,
				C77B901B2AF193A3009CC655 /* Styles.swift */,
				C7D31D502AFF00F300C7ED9E /* Locations.swift */,
				C74FDC622BCD833D00B8960F /* Conditions.swift */,
				C7A9CE462B89164700EB6E78 /* Authorization.swift */,
				C7ACADE52B92A737000B5845 /* Features.swift */,
				C7ED86B22BA8ED8800F13DE4 /* Trash.swift */,
				C79D051F2BC99EB40083F976 /* ThemeManager.swift */,
			);
			path = Logic;
			sourceTree = "<group>";
		};
		C72893102AFD51EA00C8C1CD /* PearcleanerSentinel */ = {
			isa = PBXGroup;
			children = (
				C7A27E7F2AFD70DD00166168 /* PearcleanerSentinel.entitlements */,
				C72893112AFD51EA00C8C1CD /* main.swift */,
			);
			path = PearcleanerSentinel;
			sourceTree = "<group>";
		};
		C72893162AFD531500C8C1CD /* Frameworks */ = {
			isa = PBXGroup;
			children = (
			);
			name = Frameworks;
			sourceTree = "<group>";
		};
		C76D08462AF83C2F00D07867 /* Settings */ = {
			isa = PBXGroup;
			children = (
				C77B901D2AF1A9DB009CC655 /* SettingsWindow.swift */,
				C76D08492AF83C6E00D07867 /* General.swift */,
				C7ED86B02BA8A35500F13DE4 /* Interface.swift */,
				C7DD49EF2BABA14400CCBA16 /* Folders.swift */,
				C76D08472AF83C3F00D07867 /* Update.swift */,
				C76D08502AF850F300D07867 /* About.swift */,
			);
			path = Settings;
			sourceTree = "<group>";
		};
		C76D084F2AF84E0100D07867 /* Resources */ = {
			isa = PBXGroup;
			children = (
				C7DC1FED2B9F7D3D009AC317 /* features.json */,
				C7A27E802AFD7C4600166168 /* com.alienator88.PearcleanerSentinel.plist */,
				C77B90142AF18E7C009CC655 /* Info.plist */,
				C77B90072AF18E2F009CC655 /* Assets.xcassets */,
				C77B90242AF2D796009CC655 /* Pearcleaner.entitlements */,
			);
			path = Resources;
			sourceTree = "<group>";
		};
		C771CB742BD028A000C33A18 /* Picker */ = {
			isa = PBXGroup;
			children = (
				C771CB752BD028AF00C33A18 /* SegmentedPicker.swift */,
			);
			path = Picker;
			sourceTree = "<group>";
		};
		C77B8FF72AF18E2E009CC655 = {
			isa = PBXGroup;
			children = (
				C77B90022AF18E2E009CC655 /* Pearcleaner */,
				C72893102AFD51EA00C8C1CD /* PearcleanerSentinel */,
				C78121642BC892A000BE06BD /* FinderOpen */,
				C77B90012AF18E2E009CC655 /* Products */,
				C72893162AFD531500C8C1CD /* Frameworks */,
			);
			sourceTree = "<group>";
		};
		C77B90012AF18E2E009CC655 /* Products */ = {
			isa = PBXGroup;
			children = (
				C77B90002AF18E2E009CC655 /* Pearcleaner.app */,
				C728930F2AFD51EA00C8C1CD /* PearcleanerSentinel */,
				C78121632BC892A000BE06BD /* FinderOpen.appex */,
			);
			name = Products;
			sourceTree = "<group>";
		};
		C77B90022AF18E2E009CC655 /* Pearcleaner */ = {
			isa = PBXGroup;
			children = (
				C77B90032AF18E2E009CC655 /* PearcleanerApp.swift */,
				C76D084F2AF84E0100D07867 /* Resources */,
				C76D08462AF83C2F00D07867 /* Settings */,
				C77B901F2AF1B390009CC655 /* Views */,
				C7045A302B068ABE00376976 /* Windows */,
				C72893072AFD442600C8C1CD /* Logic */,
			);
			path = Pearcleaner;
			sourceTree = "<group>";
		};
		C77B901F2AF1B390009CC655 /* Views */ = {
			isa = PBXGroup;
			children = (
				C771CB742BD028A000C33A18 /* Picker */,
				C77B90222AF2D616009CC655 /* FilesView.swift */,
				C71848432B8D2D600046CB13 /* ZombieView.swift */,
				C76D08542AF89CDE00D07867 /* RegularMode.swift */,
				C7D31D472AFEB23700C7ED9E /* TopBar.swift */,
				C7045A292B03FAF000376976 /* TopBarMini.swift */,
				C7D31D492AFEB26700C7ED9E /* AppListItems.swift */,
				C7045A272B03E71D00376976 /* MiniMode.swift */,
				C7FB173A2B96321300B96F9A /* AppsListView.swift */,
				C7DE672C2BA6356500EB1633 /* MenuBarMiniAppView.swift */,
			);
			path = Views;
			sourceTree = "<group>";
		};
		C78121642BC892A000BE06BD /* FinderOpen */ = {
			isa = PBXGroup;
			children = (
				C78121652BC892A000BE06BD /* FinderOpen.swift */,
				C78121672BC892A000BE06BD /* Info.plist */,
				C78121682BC892A000BE06BD /* FinderOpen.entitlements */,
			);
			path = FinderOpen;
			sourceTree = "<group>";
		};
/* End PBXGroup section */

/* Begin PBXNativeTarget section */
		C728930E2AFD51EA00C8C1CD /* PearcleanerSentinel */ = {
			isa = PBXNativeTarget;
			buildConfigurationList = C72893132AFD51EA00C8C1CD /* Build configuration list for PBXNativeTarget "PearcleanerSentinel" */;
			buildPhases = (
				C728930B2AFD51EA00C8C1CD /* Sources */,
				C728930C2AFD51EA00C8C1CD /* Frameworks */,
				C728930D2AFD51EA00C8C1CD /* CopyFiles */,
			);
			buildRules = (
			);
			dependencies = (
			);
			name = PearcleanerSentinel;
			packageProductDependencies = (
				C7A2AE5C2B9644F300161540 /* FileWatcher */,
			);
			productName = PeakPurgeMonitor;
			productReference = C728930F2AFD51EA00C8C1CD /* PearcleanerSentinel */;
			productType = "com.apple.product-type.tool";
		};
		C77B8FFF2AF18E2E009CC655 /* Pearcleaner */ = {
			isa = PBXNativeTarget;
			buildConfigurationList = C77B900F2AF18E2F009CC655 /* Build configuration list for PBXNativeTarget "Pearcleaner" */;
			buildPhases = (
				C77B8FFC2AF18E2E009CC655 /* Sources */,
				C77B8FFD2AF18E2E009CC655 /* Frameworks */,
				C77B8FFE2AF18E2E009CC655 /* Resources */,
				C7A27E7D2AFD65C400166168 /* CopyFiles */,
				C781216C2BC892A000BE06BD /* Embed Foundation Extensions */,
			);
			buildRules = (
			);
			dependencies = (
				C781216A2BC892A000BE06BD /* PBXTargetDependency */,
			);
			name = Pearcleaner;
			packageProductDependencies = (
			);
			productName = PeakPurge;
			productReference = C77B90002AF18E2E009CC655 /* Pearcleaner.app */;
			productType = "com.apple.product-type.application";
		};
		C78121622BC892A000BE06BD /* FinderOpen */ = {
			isa = PBXNativeTarget;
			buildConfigurationList = C781216F2BC892A000BE06BD /* Build configuration list for PBXNativeTarget "FinderOpen" */;
			buildPhases = (
				C781215F2BC892A000BE06BD /* Sources */,
				C78121602BC892A000BE06BD /* Frameworks */,
				C78121612BC892A000BE06BD /* Resources */,
			);
			buildRules = (
			);
			dependencies = (
			);
			name = FinderOpen;
			productName = FinderOpen;
			productReference = C78121632BC892A000BE06BD /* FinderOpen.appex */;
			productType = "com.apple.product-type.app-extension";
		};
/* End PBXNativeTarget section */

/* Begin PBXProject section */
		C77B8FF82AF18E2E009CC655 /* Project object */ = {
			isa = PBXProject;
			attributes = {
				BuildIndependentTargetsInParallel = 1;
				LastSwiftUpdateCheck = 1530;
				LastUpgradeCheck = 1510;
				TargetAttributes = {
					C728930E2AFD51EA00C8C1CD = {
						CreatedOnToolsVersion = 15.0.1;
					};
					C77B8FFF2AF18E2E009CC655 = {
						CreatedOnToolsVersion = 15.0.1;
					};
					C78121622BC892A000BE06BD = {
						CreatedOnToolsVersion = 15.3;
					};
				};
			};
			buildConfigurationList = C77B8FFB2AF18E2E009CC655 /* Build configuration list for PBXProject "Pearcleaner" */;
			compatibilityVersion = "Xcode 14.0";
			developmentRegion = en;
			hasScannedForEncodings = 0;
			knownRegions = (
				en,
				Base,
			);
			mainGroup = C77B8FF72AF18E2E009CC655;
			packageReferences = (
				C7A2AE5B2B9644DA00161540 /* XCRemoteSwiftPackageReference "FileWatcher" */,
			);
			productRefGroup = C77B90012AF18E2E009CC655 /* Products */;
			projectDirPath = "";
			projectRoot = "";
			targets = (
				C77B8FFF2AF18E2E009CC655 /* Pearcleaner */,
				C728930E2AFD51EA00C8C1CD /* PearcleanerSentinel */,
				C78121622BC892A000BE06BD /* FinderOpen */,
			);
		};
/* End PBXProject section */

/* Begin PBXResourcesBuildPhase section */
		C77B8FFE2AF18E2E009CC655 /* Resources */ = {
			isa = PBXResourcesBuildPhase;
			buildActionMask = 2147483647;
			files = (
				C77B90082AF18E2F009CC655 /* Assets.xcassets in Resources */,
				C7A27E812AFD7C4600166168 /* com.alienator88.PearcleanerSentinel.plist in Resources */,
				C7DC1FEE2B9F7D3D009AC317 /* features.json in Resources */,
			);
			runOnlyForDeploymentPostprocessing = 0;
		};
		C78121612BC892A000BE06BD /* Resources */ = {
			isa = PBXResourcesBuildPhase;
			buildActionMask = 2147483647;
			files = (
			);
			runOnlyForDeploymentPostprocessing = 0;
		};
/* End PBXResourcesBuildPhase section */

/* Begin PBXSourcesBuildPhase section */
		C728930B2AFD51EA00C8C1CD /* Sources */ = {
			isa = PBXSourcesBuildPhase;
			buildActionMask = 2147483647;
			files = (
				C72893122AFD51EA00C8C1CD /* main.swift in Sources */,
			);
			runOnlyForDeploymentPostprocessing = 0;
		};
		C77B8FFC2AF18E2E009CC655 /* Sources */ = {
			isa = PBXSourcesBuildPhase;
			buildActionMask = 2147483647;
			files = (
				C7DD49EA2BAB4D8100CCBA16 /* AppInfoFetch.swift in Sources */,
				C76D08482AF83C3F00D07867 /* Update.swift in Sources */,
				C7FB173B2B96321300B96F9A /* AppsListView.swift in Sources */,
				C7045A342B068B2900376976 /* UpdateView.swift in Sources */,
				C77B90162AF19377009CC655 /* AppState.swift in Sources */,
				C7DD49EE2BAB7F6000CCBA16 /* ReversePathsFetch.swift in Sources */,
				C7045A322B068AD700376976 /* NewWin.swift in Sources */,
				C7DD49F02BABA14400CCBA16 /* Folders.swift in Sources */,
				C7DE672D2BA6356500EB1633 /* MenuBarMiniAppView.swift in Sources */,
				C7ED86B32BA8ED8800F13DE4 /* Trash.swift in Sources */,
				C7D31D512AFF00F300C7ED9E /* Locations.swift in Sources */,
				C77B901A2AF1938F009CC655 /* Logic.swift in Sources */,
				C7045A2A2B03FAF000376976 /* TopBarMini.swift in Sources */,
				C77B901C2AF193A3009CC655 /* Styles.swift in Sources */,
				C7045A282B03E71D00376976 /* MiniMode.swift in Sources */,
				C7ED86B12BA8A35500F13DE4 /* Interface.swift in Sources */,
				C72893052AFD42E600C8C1CD /* DeepLink.swift in Sources */,
				C71848442B8D2D600046CB13 /* ZombieView.swift in Sources */,
				C7DE672B2BA6343D00EB1633 /* MenuBarItem.swift in Sources */,
				C76D084A2AF83C6E00D07867 /* General.swift in Sources */,
				C77B90042AF18E2E009CC655 /* PearcleanerApp.swift in Sources */,
				C7045A362B068DD700376976 /* PermView.swift in Sources */,
				C76D08512AF850F300D07867 /* About.swift in Sources */,
				C77B90182AF19382009CC655 /* AppCommands.swift in Sources */,
				C7D31D4A2AFEB26700C7ED9E /* AppListItems.swift in Sources */,
				C77B901E2AF1A9DB009CC655 /* SettingsWindow.swift in Sources */,
				C771CB762BD028AF00C33A18 /* SegmentedPicker.swift in Sources */,
				C74412C72BBF249000DDFCA8 /* AppPathsFetch.swift in Sources */,
				C79D05202BC99EB40083F976 /* ThemeManager.swift in Sources */,
				C7D31D482AFEB23700C7ED9E /* TopBar.swift in Sources */,
				C74FDC632BCD833D00B8960F /* Conditions.swift in Sources */,
				C7ACADE62B92A737000B5845 /* Features.swift in Sources */,
				C7F539382AF60865007DF1B2 /* Utilities.swift in Sources */,
				C76D08552AF89CDE00D07867 /* RegularMode.swift in Sources */,
				C7A9CE472B89164700EB6E78 /* Authorization.swift in Sources */,
				C7CF47242B3B3F1700979C5F /* WindowSettings.swift in Sources */,
				C77B90232AF2D616009CC655 /* FilesView.swift in Sources */,
			);
			runOnlyForDeploymentPostprocessing = 0;
		};
		C781215F2BC892A000BE06BD /* Sources */ = {
			isa = PBXSourcesBuildPhase;
			buildActionMask = 2147483647;
			files = (
				C78121662BC892A000BE06BD /* FinderOpen.swift in Sources */,
			);
			runOnlyForDeploymentPostprocessing = 0;
		};
/* End PBXSourcesBuildPhase section */

/* Begin PBXTargetDependency section */
		C781216A2BC892A000BE06BD /* PBXTargetDependency */ = {
			isa = PBXTargetDependency;
			target = C78121622BC892A000BE06BD /* FinderOpen */;
			targetProxy = C78121692BC892A000BE06BD /* PBXContainerItemProxy */;
		};
/* End PBXTargetDependency section */

/* Begin XCBuildConfiguration section */
		C72893142AFD51EA00C8C1CD /* Debug */ = {
			isa = XCBuildConfiguration;
			buildSettings = {
				CODE_SIGN_ENTITLEMENTS = PearcleanerSentinel/PearcleanerSentinel.entitlements;
				"CODE_SIGN_IDENTITY[sdk=macosx*]" = "Apple Development";
				CODE_SIGN_STYLE = Automatic;
				CURRENT_PROJECT_VERSION = "";
				DEAD_CODE_STRIPPING = YES;
				DEVELOPMENT_TEAM = BK8443AXLU;
				ENABLE_HARDENED_RUNTIME = YES;
				FRAMEWORK_SEARCH_PATHS = "";
				MACOSX_DEPLOYMENT_TARGET = 13.0;
				PRODUCT_BUNDLE_IDENTIFIER = com.alienator88.PearcleanerSentinel;
				PRODUCT_NAME = "$(TARGET_NAME)";
				SKIP_INSTALL = YES;
				SWIFT_VERSION = 5.0;
			};
			name = Debug;
		};
		C72893152AFD51EA00C8C1CD /* Release */ = {
			isa = XCBuildConfiguration;
			buildSettings = {
				CODE_SIGN_ENTITLEMENTS = PearcleanerSentinel/PearcleanerSentinel.entitlements;
				"CODE_SIGN_IDENTITY[sdk=macosx*]" = "Apple Development";
				CODE_SIGN_STYLE = Automatic;
				CURRENT_PROJECT_VERSION = "";
				DEAD_CODE_STRIPPING = YES;
				DEVELOPMENT_TEAM = BK8443AXLU;
				ENABLE_HARDENED_RUNTIME = YES;
				FRAMEWORK_SEARCH_PATHS = "";
				MACOSX_DEPLOYMENT_TARGET = 13.0;
				PRODUCT_BUNDLE_IDENTIFIER = com.alienator88.PearcleanerSentinel;
				PRODUCT_NAME = "$(TARGET_NAME)";
				SKIP_INSTALL = YES;
				SWIFT_VERSION = 5.0;
			};
			name = Release;
		};
		C77B900D2AF18E2F009CC655 /* Debug */ = {
			isa = XCBuildConfiguration;
			buildSettings = {
				ALWAYS_SEARCH_USER_PATHS = NO;
				APP_BUILD = 35;
				APP_VERSION = 3.5.1;
				ASSETCATALOG_COMPILER_GENERATE_SWIFT_ASSET_SYMBOL_EXTENSIONS = YES;
				CLANG_ANALYZER_NONNULL = YES;
				CLANG_ANALYZER_NUMBER_OBJECT_CONVERSION = YES_AGGRESSIVE;
				CLANG_CXX_LANGUAGE_STANDARD = "gnu++20";
				CLANG_ENABLE_MODULES = YES;
				CLANG_ENABLE_OBJC_ARC = YES;
				CLANG_ENABLE_OBJC_WEAK = YES;
				CLANG_WARN_BLOCK_CAPTURE_AUTORELEASING = YES;
				CLANG_WARN_BOOL_CONVERSION = YES;
				CLANG_WARN_COMMA = YES;
				CLANG_WARN_CONSTANT_CONVERSION = YES;
				CLANG_WARN_DEPRECATED_OBJC_IMPLEMENTATIONS = YES;
				CLANG_WARN_DIRECT_OBJC_ISA_USAGE = YES_ERROR;
				CLANG_WARN_DOCUMENTATION_COMMENTS = YES;
				CLANG_WARN_EMPTY_BODY = YES;
				CLANG_WARN_ENUM_CONVERSION = YES;
				CLANG_WARN_INFINITE_RECURSION = YES;
				CLANG_WARN_INT_CONVERSION = YES;
				CLANG_WARN_NON_LITERAL_NULL_CONVERSION = YES;
				CLANG_WARN_OBJC_IMPLICIT_RETAIN_SELF = YES;
				CLANG_WARN_OBJC_LITERAL_CONVERSION = YES;
				CLANG_WARN_OBJC_ROOT_CLASS = YES_ERROR;
				CLANG_WARN_QUOTED_INCLUDE_IN_FRAMEWORK_HEADER = YES;
				CLANG_WARN_RANGE_LOOP_ANALYSIS = YES;
				CLANG_WARN_STRICT_PROTOTYPES = YES;
				CLANG_WARN_SUSPICIOUS_MOVE = YES;
				CLANG_WARN_UNGUARDED_AVAILABILITY = YES_AGGRESSIVE;
				CLANG_WARN_UNREACHABLE_CODE = YES;
				CLANG_WARN__DUPLICATE_METHOD_MATCH = YES;
				CODE_SIGN_ENTITLEMENTS = "";
				COPY_PHASE_STRIP = NO;
				CURRENT_PROJECT_VERSION = 33;
				DEAD_CODE_STRIPPING = YES;
				DEBUG_INFORMATION_FORMAT = dwarf;
				ENABLE_STRICT_OBJC_MSGSEND = YES;
				ENABLE_TESTABILITY = YES;
				ENABLE_USER_SCRIPT_SANDBOXING = YES;
				FRAMEWORK_SEARCH_PATHS = "";
				GCC_C_LANGUAGE_STANDARD = gnu17;
				GCC_DYNAMIC_NO_PIC = NO;
				GCC_NO_COMMON_BLOCKS = YES;
				GCC_OPTIMIZATION_LEVEL = 0;
				GCC_PREPROCESSOR_DEFINITIONS = (
					"DEBUG=1",
					"$(inherited)",
				);
				GCC_WARN_64_TO_32_BIT_CONVERSION = YES;
				GCC_WARN_ABOUT_RETURN_TYPE = YES_ERROR;
				GCC_WARN_UNDECLARED_SELECTOR = YES;
				GCC_WARN_UNINITIALIZED_AUTOS = YES_AGGRESSIVE;
				GCC_WARN_UNUSED_FUNCTION = YES;
				GCC_WARN_UNUSED_VARIABLE = YES;
				LOCALIZATION_PREFERS_STRING_CATALOGS = YES;
				MACOSX_DEPLOYMENT_TARGET = 13.0;
				MARKETING_VERSION = 3.4.2;
				MTL_ENABLE_DEBUG_INFO = INCLUDE_SOURCE;
				MTL_FAST_MATH = YES;
				ONLY_ACTIVE_ARCH = YES;
				SDKROOT = macosx;
				SWIFT_ACTIVE_COMPILATION_CONDITIONS = "DEBUG $(inherited)";
				SWIFT_OPTIMIZATION_LEVEL = "-Onone";
			};
			name = Debug;
		};
		C77B900E2AF18E2F009CC655 /* Release */ = {
			isa = XCBuildConfiguration;
			buildSettings = {
				ALWAYS_SEARCH_USER_PATHS = NO;
				APP_BUILD = 35;
				APP_VERSION = 3.5.1;
				ASSETCATALOG_COMPILER_GENERATE_SWIFT_ASSET_SYMBOL_EXTENSIONS = YES;
				CLANG_ANALYZER_NONNULL = YES;
				CLANG_ANALYZER_NUMBER_OBJECT_CONVERSION = YES_AGGRESSIVE;
				CLANG_CXX_LANGUAGE_STANDARD = "gnu++20";
				CLANG_ENABLE_MODULES = YES;
				CLANG_ENABLE_OBJC_ARC = YES;
				CLANG_ENABLE_OBJC_WEAK = YES;
				CLANG_WARN_BLOCK_CAPTURE_AUTORELEASING = YES;
				CLANG_WARN_BOOL_CONVERSION = YES;
				CLANG_WARN_COMMA = YES;
				CLANG_WARN_CONSTANT_CONVERSION = YES;
				CLANG_WARN_DEPRECATED_OBJC_IMPLEMENTATIONS = YES;
				CLANG_WARN_DIRECT_OBJC_ISA_USAGE = YES_ERROR;
				CLANG_WARN_DOCUMENTATION_COMMENTS = YES;
				CLANG_WARN_EMPTY_BODY = YES;
				CLANG_WARN_ENUM_CONVERSION = YES;
				CLANG_WARN_INFINITE_RECURSION = YES;
				CLANG_WARN_INT_CONVERSION = YES;
				CLANG_WARN_NON_LITERAL_NULL_CONVERSION = YES;
				CLANG_WARN_OBJC_IMPLICIT_RETAIN_SELF = YES;
				CLANG_WARN_OBJC_LITERAL_CONVERSION = YES;
				CLANG_WARN_OBJC_ROOT_CLASS = YES_ERROR;
				CLANG_WARN_QUOTED_INCLUDE_IN_FRAMEWORK_HEADER = YES;
				CLANG_WARN_RANGE_LOOP_ANALYSIS = YES;
				CLANG_WARN_STRICT_PROTOTYPES = YES;
				CLANG_WARN_SUSPICIOUS_MOVE = YES;
				CLANG_WARN_UNGUARDED_AVAILABILITY = YES_AGGRESSIVE;
				CLANG_WARN_UNREACHABLE_CODE = YES;
				CLANG_WARN__DUPLICATE_METHOD_MATCH = YES;
				CODE_SIGN_ENTITLEMENTS = "";
				COPY_PHASE_STRIP = NO;
				CURRENT_PROJECT_VERSION = 33;
				DEAD_CODE_STRIPPING = YES;
				DEBUG_INFORMATION_FORMAT = "dwarf-with-dsym";
				ENABLE_NS_ASSERTIONS = NO;
				ENABLE_STRICT_OBJC_MSGSEND = YES;
				ENABLE_USER_SCRIPT_SANDBOXING = YES;
				FRAMEWORK_SEARCH_PATHS = "";
				GCC_C_LANGUAGE_STANDARD = gnu17;
				GCC_NO_COMMON_BLOCKS = YES;
				GCC_WARN_64_TO_32_BIT_CONVERSION = YES;
				GCC_WARN_ABOUT_RETURN_TYPE = YES_ERROR;
				GCC_WARN_UNDECLARED_SELECTOR = YES;
				GCC_WARN_UNINITIALIZED_AUTOS = YES_AGGRESSIVE;
				GCC_WARN_UNUSED_FUNCTION = YES;
				GCC_WARN_UNUSED_VARIABLE = YES;
				LOCALIZATION_PREFERS_STRING_CATALOGS = YES;
				MACOSX_DEPLOYMENT_TARGET = 13.0;
				MARKETING_VERSION = 3.4.2;
				MTL_ENABLE_DEBUG_INFO = NO;
				MTL_FAST_MATH = YES;
				SDKROOT = macosx;
				SWIFT_COMPILATION_MODE = wholemodule;
			};
			name = Release;
		};
		C77B90102AF18E2F009CC655 /* Debug */ = {
			isa = XCBuildConfiguration;
			buildSettings = {
				ALWAYS_EMBED_SWIFT_STANDARD_LIBRARIES = YES;
				ASSETCATALOG_COMPILER_APPICON_NAME = AppIcon;
				ASSETCATALOG_COMPILER_GLOBAL_ACCENT_COLOR_NAME = AccentColor;
				CODE_SIGN_ENTITLEMENTS = Pearcleaner/Resources/Pearcleaner.entitlements;
				"CODE_SIGN_IDENTITY[sdk=macosx*]" = "Apple Development";
				CODE_SIGN_STYLE = Automatic;
				COMBINE_HIDPI_IMAGES = YES;
				CURRENT_PROJECT_VERSION = "$(APP_BUILD)";
				DEAD_CODE_STRIPPING = YES;
				DEVELOPMENT_ASSET_PATHS = "";
				DEVELOPMENT_TEAM = BK8443AXLU;
				ENABLE_HARDENED_RUNTIME = YES;
				ENABLE_PREVIEWS = YES;
				GENERATE_INFOPLIST_FILE = YES;
				INFOPLIST_FILE = Pearcleaner/Resources/Info.plist;
				INFOPLIST_KEY_CFBundleDisplayName = Pearcleaner;
				INFOPLIST_KEY_LSApplicationCategoryType = "public.app-category.utilities";
				INFOPLIST_KEY_NSAppleEventsUsageDescription = "Pearcleaner needs to send apple events to FInder to delete files";
				INFOPLIST_KEY_NSHumanReadableCopyright = "";
				INFOPLIST_KEY_NSSystemAdministrationUsageDescription = "Pearcleaner requires full disk access to be able to delete files in locations with no permission";
				LD_RUNPATH_SEARCH_PATHS = (
					"$(inherited)",
					"@executable_path/../Frameworks",
				);
				MACOSX_DEPLOYMENT_TARGET = 13.0;
				MARKETING_VERSION = "$(APP_VERSION)";
				PRODUCT_BUNDLE_IDENTIFIER = com.alienator88.Pearcleaner;
				PRODUCT_NAME = "$(TARGET_NAME)";
				SWIFT_EMIT_LOC_STRINGS = YES;
				SWIFT_VERSION = 5.0;
			};
			name = Debug;
		};
		C77B90112AF18E2F009CC655 /* Release */ = {
			isa = XCBuildConfiguration;
			buildSettings = {
				ALWAYS_EMBED_SWIFT_STANDARD_LIBRARIES = YES;
				ASSETCATALOG_COMPILER_APPICON_NAME = AppIcon;
				ASSETCATALOG_COMPILER_GLOBAL_ACCENT_COLOR_NAME = AccentColor;
				CODE_SIGN_ENTITLEMENTS = Pearcleaner/Resources/Pearcleaner.entitlements;
				"CODE_SIGN_IDENTITY[sdk=macosx*]" = "Apple Development";
				CODE_SIGN_STYLE = Automatic;
				COMBINE_HIDPI_IMAGES = YES;
				CURRENT_PROJECT_VERSION = "$(APP_BUILD)";
				DEAD_CODE_STRIPPING = YES;
				DEVELOPMENT_ASSET_PATHS = "";
				DEVELOPMENT_TEAM = BK8443AXLU;
				ENABLE_HARDENED_RUNTIME = YES;
				ENABLE_PREVIEWS = YES;
				GENERATE_INFOPLIST_FILE = YES;
				INFOPLIST_FILE = Pearcleaner/Resources/Info.plist;
				INFOPLIST_KEY_CFBundleDisplayName = Pearcleaner;
				INFOPLIST_KEY_LSApplicationCategoryType = "public.app-category.utilities";
				INFOPLIST_KEY_NSAppleEventsUsageDescription = "Pearcleaner needs to send apple events to FInder to delete files";
				INFOPLIST_KEY_NSHumanReadableCopyright = "";
				INFOPLIST_KEY_NSSystemAdministrationUsageDescription = "Pearcleaner requires full disk access to be able to delete files in locations with no permission";
				LD_RUNPATH_SEARCH_PATHS = (
					"$(inherited)",
					"@executable_path/../Frameworks",
				);
				MACOSX_DEPLOYMENT_TARGET = 13.0;
				MARKETING_VERSION = "$(APP_VERSION)";
				PRODUCT_BUNDLE_IDENTIFIER = com.alienator88.Pearcleaner;
				PRODUCT_NAME = "$(TARGET_NAME)";
				SWIFT_EMIT_LOC_STRINGS = YES;
				SWIFT_VERSION = 5.0;
			};
			name = Release;
		};
		C781216D2BC892A000BE06BD /* Debug */ = {
			isa = XCBuildConfiguration;
			buildSettings = {
				CODE_SIGN_ENTITLEMENTS = FinderOpen/FinderOpen.entitlements;
				CODE_SIGN_STYLE = Automatic;
				COMBINE_HIDPI_IMAGES = YES;
				CURRENT_PROJECT_VERSION = "$(APP_BUILD)";
				DEVELOPMENT_TEAM = BK8443AXLU;
				ENABLE_HARDENED_RUNTIME = YES;
				GENERATE_INFOPLIST_FILE = YES;
				INFOPLIST_FILE = FinderOpen/Info.plist;
				INFOPLIST_KEY_CFBundleDisplayName = FinderOpen;
				INFOPLIST_KEY_LSApplicationCategoryType = "";
				INFOPLIST_KEY_LSUIElement = YES;
				INFOPLIST_KEY_NSHumanReadableCopyright = "";
				LD_RUNPATH_SEARCH_PATHS = (
					"$(inherited)",
					"@executable_path/../Frameworks",
					"@executable_path/../../../../Frameworks",
				);
				MACOSX_DEPLOYMENT_TARGET = 13.0;
				MARKETING_VERSION = "$(APP_VERSION)";
				PRODUCT_BUNDLE_IDENTIFIER = com.alienator88.Pearcleaner.FinderOpen;
				PRODUCT_NAME = "$(TARGET_NAME)";
				SKIP_INSTALL = YES;
				SWIFT_EMIT_LOC_STRINGS = YES;
				SWIFT_VERSION = 5.0;
			};
			name = Debug;
		};
		C781216E2BC892A000BE06BD /* Release */ = {
			isa = XCBuildConfiguration;
			buildSettings = {
				CODE_SIGN_ENTITLEMENTS = FinderOpen/FinderOpen.entitlements;
				CODE_SIGN_STYLE = Automatic;
				COMBINE_HIDPI_IMAGES = YES;
				CURRENT_PROJECT_VERSION = "$(APP_BUILD)";
				DEVELOPMENT_TEAM = BK8443AXLU;
				ENABLE_HARDENED_RUNTIME = YES;
				GENERATE_INFOPLIST_FILE = YES;
				INFOPLIST_FILE = FinderOpen/Info.plist;
				INFOPLIST_KEY_CFBundleDisplayName = FinderOpen;
				INFOPLIST_KEY_LSApplicationCategoryType = "";
				INFOPLIST_KEY_LSUIElement = YES;
				INFOPLIST_KEY_NSHumanReadableCopyright = "";
				LD_RUNPATH_SEARCH_PATHS = (
					"$(inherited)",
					"@executable_path/../Frameworks",
					"@executable_path/../../../../Frameworks",
				);
				MACOSX_DEPLOYMENT_TARGET = 13.0;
				MARKETING_VERSION = "$(APP_VERSION)";
				PRODUCT_BUNDLE_IDENTIFIER = com.alienator88.Pearcleaner.FinderOpen;
				PRODUCT_NAME = "$(TARGET_NAME)";
				SKIP_INSTALL = YES;
				SWIFT_EMIT_LOC_STRINGS = YES;
				SWIFT_VERSION = 5.0;
			};
			name = Release;
		};
/* End XCBuildConfiguration section */

/* Begin XCConfigurationList section */
		C72893132AFD51EA00C8C1CD /* Build configuration list for PBXNativeTarget "PearcleanerSentinel" */ = {
			isa = XCConfigurationList;
			buildConfigurations = (
				C72893142AFD51EA00C8C1CD /* Debug */,
				C72893152AFD51EA00C8C1CD /* Release */,
			);
			defaultConfigurationIsVisible = 0;
			defaultConfigurationName = Release;
		};
		C77B8FFB2AF18E2E009CC655 /* Build configuration list for PBXProject "Pearcleaner" */ = {
			isa = XCConfigurationList;
			buildConfigurations = (
				C77B900D2AF18E2F009CC655 /* Debug */,
				C77B900E2AF18E2F009CC655 /* Release */,
			);
			defaultConfigurationIsVisible = 0;
			defaultConfigurationName = Release;
		};
		C77B900F2AF18E2F009CC655 /* Build configuration list for PBXNativeTarget "Pearcleaner" */ = {
			isa = XCConfigurationList;
			buildConfigurations = (
				C77B90102AF18E2F009CC655 /* Debug */,
				C77B90112AF18E2F009CC655 /* Release */,
			);
			defaultConfigurationIsVisible = 0;
			defaultConfigurationName = Release;
		};
		C781216F2BC892A000BE06BD /* Build configuration list for PBXNativeTarget "FinderOpen" */ = {
			isa = XCConfigurationList;
			buildConfigurations = (
				C781216D2BC892A000BE06BD /* Debug */,
				C781216E2BC892A000BE06BD /* Release */,
			);
			defaultConfigurationIsVisible = 0;
			defaultConfigurationName = Release;
		};
/* End XCConfigurationList section */

/* Begin XCRemoteSwiftPackageReference section */
		C7A2AE5B2B9644DA00161540 /* XCRemoteSwiftPackageReference "FileWatcher" */ = {
			isa = XCRemoteSwiftPackageReference;
			repositoryURL = "https://github.com/eonist/FileWatcher.git";
			requirement = {
				kind = upToNextMajorVersion;
				minimumVersion = 0.2.3;
			};
		};
/* End XCRemoteSwiftPackageReference section */

/* Begin XCSwiftPackageProductDependency section */
		C7A2AE5C2B9644F300161540 /* FileWatcher */ = {
			isa = XCSwiftPackageProductDependency;
			package = C7A2AE5B2B9644DA00161540 /* XCRemoteSwiftPackageReference "FileWatcher" */;
			productName = FileWatcher;
		};
/* End XCSwiftPackageProductDependency section */
	};
	rootObject = C77B8FF82AF18E2E009CC655 /* Project object */;
}
